Microsoft Visual Studio Solution File, Format Version 9.00
# Visual Studio 2005
Project("{8BC9CEB8-8B4A-11D0-8D11-00A0C91BC942}") = "MD5ConvertCmd", "MD5ConvertCmd.vcproj", "{6937551A-3D1D-4B64-83D4-17437BBF5962}"
EndProject
Global
	GlobalSection(SolutionConfigurationPlatforms) = preSolution
		Debug|Win32 = Debug|Win32
		Release|Win32 = Release|Win32
	EndGlobalSection
	GlobalSection(ProjectConfigurationPlatforms) = postSolution
		{6937551A-3D1D-4B64-83D4-17437BBF5962}.Debug|Win32.ActiveCfg = Debug|Win32
		{6937551A-3D1D-4B64-83D4-17437BBF5962}.Debug|Win32.Build.0 = Debug|Win32
		{6937551A-3D1D-4B64-83D4-17437BBF5962}.Release|Win32.ActiveCfg = Release|Win32
		{6937551A-3D1D-4B64-83D4-17437BBF5962}.Release|Win32.Build.0 = Release|Win32
	EndGlobalSection
	GlobalSection(SolutionProperties) = preSolution
		HideSolutionNode = FALSE
	EndGlobalSection
EndGlobal
