
Microsoft Visual Studio Solution File, Format Version 12.00
# Visual Studio Version 17
VisualStudioVersion = 17.0.32014.148
MinimumVisualStudioVersion = 10.0.40219.1
Project("{2150E333-8FDC-42A3-9474-1A3956D46DE8}") = "Plugins", "Plugins", "{137FA01E-74F6-4377-BB4B-11E6C2A878D5}"
EndProject
Project("{8BC9CEB8-8B4A-11D0-8D11-00A0C91BC942}") = "rpadc", "plugin\rpadc\rpadc.vcxproj", "{2BD8E1B8-56BD-45A1-BFB6-8C94283460D2}"
EndProject
Project("{8BC9CEB8-8B4A-11D0-8D11-00A0C91BC942}") = "rpanisot", "plugin\rpanisot\rpanisot.vcxproj", "{922B3916-A23C-4197-B390-AEEDDFC66CF4}"
EndProject
Project("{8BC9CEB8-8B4A-11D0-8D11-00A0C91BC942}") = "rpcollis", "plugin\rpcollis\rpcollis.vcxproj", "{3E32EA6F-59E5-4AF2-B7F7-F73ECA59DD34}"
EndProject
Project("{8BC9CEB8-8B4A-11D0-8D11-00A0C91BC942}") = "rpcrowd", "plugin\rpcrowd\rpcrowd.vcxproj", "{E3805E00-E016-477A-9230-728F15AE3CC8}"
EndProject
Project("{8BC9CEB8-8B4A-11D0-8D11-00A0C91BC942}") = "rpdmorph", "plugin\rpdmorph\rpdmorph.vcxproj", "{F765A9C4-8B85-47FF-8498-7E4DE2F37075}"
EndProject
Project("{8BC9CEB8-8B4A-11D0-8D11-00A0C91BC942}") = "rpenv", "plugin\rpenv\rpenv.vcxproj", "{B2D0B9BF-06DC-4EF3-897C-538D1E71AD1A}"
EndProject
Project("{8BC9CEB8-8B4A-11D0-8D11-00A0C91BC942}") = "rphanim", "plugin\rphanim\rphanim.vcxproj", "{AFD522EC-FCDF-4D1B-87A1-2D9708B283A1}"
EndProject
Project("{8BC9CEB8-8B4A-11D0-8D11-00A0C91BC942}") = "rpid", "plugin\rpid\rpid.vcxproj", "{BCB1EB0E-6966-4B54-87B7-FD84168B31F0}"
EndProject
Project("{8BC9CEB8-8B4A-11D0-8D11-00A0C91BC942}") = "rplodatm", "plugin\rplodatm\rplodatm.vcxproj", "{598C65CD-65AA-493A-AF8B-F0A0E949B998}"
EndProject
Project("{8BC9CEB8-8B4A-11D0-8D11-00A0C91BC942}") = "rplogo", "plugin\rplogo\rplogo.vcxproj", "{46A064D7-3551-44BC-A5D8-4B24A9FD5BA6}"
EndProject
Project("{8BC9CEB8-8B4A-11D0-8D11-00A0C91BC942}") = "rpltmap", "plugin\rpltmap\rpltmap.vcxproj", "{E0E9E259-A110-4219-98D5-8738B744D138}"
EndProject
Project("{8BC9CEB8-8B4A-11D0-8D11-00A0C91BC942}") = "rpmatfx", "plugin\rpmatfx\rpmatfx.vcxproj", "{4CCB747F-AFE7-4A2C-A455-051A916946CD}"
EndProject
Project("{8BC9CEB8-8B4A-11D0-8D11-00A0C91BC942}") = "rpmipkl", "plugin\rpmipkl\rpmipkl.vcxproj", "{8444E7EA-CCB2-4C68-B7AB-DD6A11C01DF3}"
EndProject
Project("{8BC9CEB8-8B4A-11D0-8D11-00A0C91BC942}") = "rpmorph", "plugin\rpmorph\rpmorph.vcxproj", "{7BECDB31-3682-469B-9F78-ECBE1E2755F4}"
EndProject
Project("{8BC9CEB8-8B4A-11D0-8D11-00A0C91BC942}") = "rpnormmap", "plugin\rpnormmap\rpnormmap.vcxproj", "{B0BDC256-4832-40C3-958F-29A16EA73201}"
EndProject
Project("{8BC9CEB8-8B4A-11D0-8D11-00A0C91BC942}") = "rppatch", "plugin\rppatch\rppatch.vcxproj", "{367E90DF-3873-43F7-819C-EE476E07EBAA}"
EndProject
Project("{8BC9CEB8-8B4A-11D0-8D11-00A0C91BC942}") = "rppatchmatfx", "plugin\rppatchmatfx\rppatchmatfx.vcxproj", "{82F61CAE-BBEC-4036-B711-87D64CCDE19C}"
EndProject
Project("{8BC9CEB8-8B4A-11D0-8D11-00A0C91BC942}") = "rppatchskin", "plugin\rppatchskin\rppatchskin.vcxproj", "{D8F39367-5BEB-40A5-B526-5DDA7AB2229B}"
EndProject
Project("{8BC9CEB8-8B4A-11D0-8D11-00A0C91BC942}") = "rppatchskinmatfx", "plugin\rppatchskinmatfx\rppatchskinmatfx.vcxproj", "{7237D67C-6495-4989-83F5-112B9B77DC3C}"
EndProject
Project("{8BC9CEB8-8B4A-11D0-8D11-00A0C91BC942}") = "rpprtadv", "plugin\rpprtadv\rpprtadv.vcxproj", "{1658E4C7-7D42-4FF9-AF1C-7BA323A73FD9}"
EndProject
Project("{8BC9CEB8-8B4A-11D0-8D11-00A0C91BC942}") = "rpprtstd", "plugin\rpprtstd\rpprtstd.vcxproj", "{BA3C8156-B36E-46F0-AEA0-DC988D17300D}"
EndProject
Project("{8BC9CEB8-8B4A-11D0-8D11-00A0C91BC942}") = "rpptank", "plugin\rpptank\rpptank.vcxproj", "{21D75C8F-7E76-407E-89E0-6A24DA974580}"
EndProject
Project("{8BC9CEB8-8B4A-11D0-8D11-00A0C91BC942}") = "rppvs", "plugin\rppvs\rppvs.vcxproj", "{476640C6-9AEE-471F-8D58-BB398FD7975C}"
EndProject
Project("{8BC9CEB8-8B4A-11D0-8D11-00A0C91BC942}") = "rprandom", "plugin\rprandom\rprandom.vcxproj", "{C476EC84-6AB1-4A5B-8DEB-FAB41688D345}"
EndProject
Project("{8BC9CEB8-8B4A-11D0-8D11-00A0C91BC942}") = "rpskin2", "plugin\rpskin2\rpskin2.vcxproj", "{A930572A-E96A-4744-A1D1-85FD85361050}"
EndProject
Project("{8BC9CEB8-8B4A-11D0-8D11-00A0C91BC942}") = "rpskinmatfx", "plugin\rpskinmatfx\rpskinmatfx.vcxproj", "{6B5B0CCF-A7D4-4B76-A2A7-2C2A1D04BA56}"
EndProject
Project("{8BC9CEB8-8B4A-11D0-8D11-00A0C91BC942}") = "rpskinmatfxtoon", "plugin\rpskinmatfxtoon\rpskinmatfxtoon.vcxproj", "{E97DA30A-6597-4CC2-87A4-F2E38EA8BF43}"
EndProject
Project("{8BC9CEB8-8B4A-11D0-8D11-00A0C91BC942}") = "rpskintoon", "plugin\rpskintoon\rpskintoon.vcxproj", "{2255B772-2619-4AFB-A8F8-42F79F011C88}"
EndProject
Project("{8BC9CEB8-8B4A-11D0-8D11-00A0C91BC942}") = "rpspline", "plugin\rpspline\rpspline.vcxproj", "{CBE074A7-0CD8-4E0A-B24C-6C903B07CB28}"
EndProject
Project("{8BC9CEB8-8B4A-11D0-8D11-00A0C91BC942}") = "rpteam", "plugin\rpteam\rpteam.vcxproj", "{FCCBC98E-C1E8-4454-A612-DC193E745FE9}"
EndProject
Project("{8BC9CEB8-8B4A-11D0-8D11-00A0C91BC942}") = "rptoon", "plugin\rptoon\rptoon.vcxproj", "{B73931AA-3A5D-4C19-AA9B-79C669AE500A}"
EndProject
Project("{8BC9CEB8-8B4A-11D0-8D11-00A0C91BC942}") = "rpuserdat", "plugin\rpuserdat\rpuserdat.vcxproj", "{C818C2D3-5A67-4F3B-B516-55636CC71C5B}"
EndProject
Project("{8BC9CEB8-8B4A-11D0-8D11-00A0C91BC942}") = "rpuvanim", "plugin\rpuvanim\rpuvanim.vcxproj", "{A29F3FC1-5756-400D-8E23-67B593CC47D9}"
EndProject
Project("{8BC9CEB8-8B4A-11D0-8D11-00A0C91BC942}") = "rpworld", "plugin\rpworld\rpworld.vcxproj", "{23F91EF2-0E19-4E87-A79A-D45839CE2575}"
EndProject
Project("{2150E333-8FDC-42A3-9474-1A3956D46DE8}") = "Tools", "Tools", "{D5B05EB5-DC3E-4CEF-8EFB-E8DE58020A93}"
EndProject
Project("{8BC9CEB8-8B4A-11D0-8D11-00A0C91BC942}") = "rt2d", "tool\rt2d\rt2d.vcxproj", "{401BE724-205B-488B-B520-BA1D4E8FC0E5}"
EndProject
Project("{8BC9CEB8-8B4A-11D0-8D11-00A0C91BC942}") = "rt2danim", "tool\rt2danim\rt2danim.vcxproj", "{5C5F8A26-28FE-47D4-9C47-3F2A57485B0F}"
EndProject
Project("{8BC9CEB8-8B4A-11D0-8D11-00A0C91BC942}") = "rtanim", "tool\rtanim\rtanim.vcxproj", "{86570CC2-2883-4998-80EF-0D6C091A2207}"
EndProject
Project("{8BC9CEB8-8B4A-11D0-8D11-00A0C91BC942}") = "rtbary", "tool\rtbary\rtbary.vcxproj", "{BA7FB9CA-D56C-4378-90DD-7678B75AFD4D}"
EndProject
Project("{8BC9CEB8-8B4A-11D0-8D11-00A0C91BC942}") = "rtbmp", "tool\rtbmp\rtbmp.vcxproj", "{BA93790A-24DF-4ED0-993F-FCC970B88E5F}"
EndProject
Project("{8BC9CEB8-8B4A-11D0-8D11-00A0C91BC942}") = "rtcharse", "tool\rtcharse\rtcharse.vcxproj", "{AD1CFFF2-C695-415A-A7F9-8E308D05070C}"
EndProject
Project("{8BC9CEB8-8B4A-11D0-8D11-00A0C91BC942}") = "rtcmpkey", "tool\rtcmpkey\rtcmpkey.vcxproj", "{D41D138C-B7B3-4083-ABD7-DFAA5503F1D0}"
EndProject
Project("{8BC9CEB8-8B4A-11D0-8D11-00A0C91BC942}") = "rtdict", "tool\rtdict\rtdict.vcxproj", "{CC131AB7-643A-4596-BF51-FB6828B14A17}"
EndProject
Project("{8BC9CEB8-8B4A-11D0-8D11-00A0C91BC942}") = "rtfsyst", "tool\rtfsyst\rtfsyst.vcxproj", "{BD30F2DA-B4FC-4BA5-B931-D4F59F413AB4}"
EndProject
Project("{8BC9CEB8-8B4A-11D0-8D11-00A0C91BC942}") = "rtgcond", "tool\rtgcond\rtgcond.vcxproj", "{D9475800-7917-4530-AEDC-C08208292532}"
EndProject
Project("{8BC9CEB8-8B4A-11D0-8D11-00A0C91BC942}") = "rtgncpip", "tool\rtgncpip\rtgncpip.vcxproj", "{921559A8-7839-44B0-8F70-AD52500EA4A7}"
EndProject
Project("{8BC9CEB8-8B4A-11D0-8D11-00A0C91BC942}") = "rtimport", "tool\rtimport\rtimport.vcxproj", "{DABDC305-442C-414D-92BC-40E03B2D00AA}"
EndProject
Project("{8BC9CEB8-8B4A-11D0-8D11-00A0C91BC942}") = "rtintsec", "tool\rtintsec\rtintsec.vcxproj", "{60049D8F-B397-477B-8E74-1081B81FECA8}"
EndProject
Project("{8BC9CEB8-8B4A-11D0-8D11-00A0C91BC942}") = "rtltmap", "tool\rtltmap\rtltmap.vcxproj", "{7E7C5CC7-EA3C-4FDC-A138-DFE9578D8EA0}"
EndProject
Project("{8BC9CEB8-8B4A-11D0-8D11-00A0C91BC942}") = "rtltmapcnv", "tool\rtltmapcnv\rtltmapcnv.vcxproj", "{880FDBA7-D468-4F2B-A2E0-93B36E676E7D}"
EndProject
Project("{8BC9CEB8-8B4A-11D0-8D11-00A0C91BC942}") = "rtmipk", "tool\rtmipk\rtmipk.vcxproj", "{0B8B4BA7-3881-42FC-BCB6-C3D21C0F0EED}"
EndProject
Project("{8BC9CEB8-8B4A-11D0-8D11-00A0C91BC942}") = "rtmipkmatfx", "tool\rtmipkmatfx\rtmipkmatfx.vcxproj", "{735F1B94-ED71-417B-9F51-6B696786E463}"
EndProject
Project("{8BC9CEB8-8B4A-11D0-8D11-00A0C91BC942}") = "rtmipkpatch", "tool\rtmipkpatch\rtmipkpatch.vcxproj", "{B5402C32-30E2-40F7-8FDD-E82799E41057}"
EndProject
Project("{8BC9CEB8-8B4A-11D0-8D11-00A0C91BC942}") = "rtmipkpatchmatfx", "tool\rtmipkpatchmatfx\rtmipkpatchmatfx.vcxproj", "{57D1E8A0-1D7E-4240-A898-17D004CE5372}"
EndProject
Project("{8BC9CEB8-8B4A-11D0-8D11-00A0C91BC942}") = "rtnormmap", "tool\rtnormmap\rtnormmap.vcxproj", "{699BE3B6-1D2A-4D8D-ADA8-DA6E2358B001}"
EndProject
Project("{8BC9CEB8-8B4A-11D0-8D11-00A0C91BC942}") = "rtpick", "tool\rtpick\rtpick.vcxproj", "{669523D3-0BD4-42FF-B630-3BBEC4E04C2C}"
EndProject
Project("{8BC9CEB8-8B4A-11D0-8D11-00A0C91BC942}") = "rtpitexd", "tool\rtpitexd\rtpitexd.vcxproj", "{1C1BDAFE-5D69-4D1F-9E12-4A580E82EC44}"
EndProject
Project("{8BC9CEB8-8B4A-11D0-8D11-00A0C91BC942}") = "rtpng", "tool\rtpng\rtpng.vcxproj", "{988232BD-5B63-4653-9F66-C7C321D641F6}"
EndProject
Project("{8BC9CEB8-8B4A-11D0-8D11-00A0C91BC942}") = "rtquat", "tool\rtquat\rtquat.vcxproj", "{041D679D-C9A0-4004-B43E-586270223989}"
EndProject
Project("{8BC9CEB8-8B4A-11D0-8D11-00A0C91BC942}") = "rtras", "tool\rtras\rtras.vcxproj", "{347E3815-8CD6-411C-8EF9-DDEAE7B6057A}"
EndProject
Project("{8BC9CEB8-8B4A-11D0-8D11-00A0C91BC942}") = "rtray", "tool\rtray\rtray.vcxproj", "{258DC4FF-69C0-4E1E-94FF-278E012CD88F}"
EndProject
Project("{8BC9CEB8-8B4A-11D0-8D11-00A0C91BC942}") = "rtskinsp", "tool\rtskinsp\rtskinsp.vcxproj", "{51E2C00E-CE29-4BED-86DF-91AB41CA4DE1}"
EndProject
Project("{8BC9CEB8-8B4A-11D0-8D11-00A0C91BC942}") = "rtslerp", "tool\rtslerp\rtslerp.vcxproj", "{B51F37A6-088F-4CCC-AD7A-C68E9F0CF190}"
EndProject
Project("{8BC9CEB8-8B4A-11D0-8D11-00A0C91BC942}") = "rtsplpvs", "tool\rtsplpvs\rtsplpvs.vcxproj", "{702A04BE-A640-47FA-A17A-A634D3103AC3}"
EndProject
Project("{8BC9CEB8-8B4A-11D0-8D11-00A0C91BC942}") = "rttiff", "tool\rttiff\rttiff.vcxproj", "{15B4EF1D-8B98-4DF4-A9F7-880010A14975}"
EndProject
Project("{8BC9CEB8-8B4A-11D0-8D11-00A0C91BC942}") = "rttilerd", "tool\rttilerd\rttilerd.vcxproj", "{5EF84E36-EF9C-4CED-85B0-0D8F3FF1E43E}"
EndProject
Project("{8BC9CEB8-8B4A-11D0-8D11-00A0C91BC942}") = "rttoc", "tool\rttoc\rttoc.vcxproj", "{C6647368-067F-4773-85E2-2BCD231F1952}"
EndProject
Project("{8BC9CEB8-8B4A-11D0-8D11-00A0C91BC942}") = "rttoon", "tool\rttoon\rttoon.vcxproj", "{30B44128-7E2B-4B44-80BE-AA04D6EB4577}"
EndProject
Project("{8BC9CEB8-8B4A-11D0-8D11-00A0C91BC942}") = "rtvcat", "tool\rtvcat\rtvcat.vcxproj", "{AF56BF51-7782-4534-B417-9DB12F90A493}"
EndProject
Project("{8BC9CEB8-8B4A-11D0-8D11-00A0C91BC942}") = "rtwing", "tool\rtwing\rtwing.vcxproj", "{2FE8B8B4-BF90-49CC-9F20-6EBFCB53E880}"
EndProject
Project("{8BC9CEB8-8B4A-11D0-8D11-00A0C91BC942}") = "rtworld", "tool\rtworld\rtworld.vcxproj", "{E014CDD3-DA5B-4ECF-8076-6A0CD476678D}"
EndProject
Project("{8BC9CEB8-8B4A-11D0-8D11-00A0C91BC942}") = "rwcore", "rwcore\rwcore.vcxproj", "{F81D062A-8751-498D-8CAF-0AC57BCA03D7}"
EndProject
Project("{8BC9CEB8-8B4A-11D0-8D11-00A0C91BC942}") = "rwplcore", "rwplcore\rwplcore.vcxproj", "{F4FB1FD6-C092-49F1-A85B-04CB819E9DB1}"
EndProject
Project("{8BC9CEB8-8B4A-11D0-8D11-00A0C91BC942}") = "rtbezpat", "tool\rtbezpat\rtbezpat.vcxproj", "{132F579A-679C-4706-9748-D4745D942E36}"
EndProject
Project("{8BC9CEB8-8B4A-11D0-8D11-00A0C91BC942}") = "rpnormmapskin", "plugin\rpnormmapskin\rpnormmapskin.vcxproj", "{BE183786-311C-460E-8F05-2186400C3874}"
EndProject
Global
	GlobalSection(SolutionConfigurationPlatforms) = preSolution
		Debug|x64 = Debug|x64
		Debug|x86 = Debug|x86
		Release|x64 = Release|x64
		Release|x86 = Release|x86
	EndGlobalSection
	GlobalSection(ProjectConfigurationPlatforms) = postSolution
		{2BD8E1B8-56BD-45A1-BFB6-8C94283460D2}.Debug|x64.ActiveCfg = Debug|x64
		{2BD8E1B8-56BD-45A1-BFB6-8C94283460D2}.Debug|x64.Build.0 = Debug|x64
		{2BD8E1B8-56BD-45A1-BFB6-8C94283460D2}.Debug|x86.ActiveCfg = Debug|Win32
		{2BD8E1B8-56BD-45A1-BFB6-8C94283460D2}.Debug|x86.Build.0 = Debug|Win32
		{2BD8E1B8-56BD-45A1-BFB6-8C94283460D2}.Release|x64.ActiveCfg = Release|x64
		{2BD8E1B8-56BD-45A1-BFB6-8C94283460D2}.Release|x64.Build.0 = Release|x64
		{2BD8E1B8-56BD-45A1-BFB6-8C94283460D2}.Release|x86.ActiveCfg = Release|Win32
		{2BD8E1B8-56BD-45A1-BFB6-8C94283460D2}.Release|x86.Build.0 = Release|Win32
		{922B3916-A23C-4197-B390-AEEDDFC66CF4}.Debug|x64.ActiveCfg = Debug|x64
		{922B3916-A23C-4197-B390-AEEDDFC66CF4}.Debug|x64.Build.0 = Debug|x64
		{922B3916-A23C-4197-B390-AEEDDFC66CF4}.Debug|x86.ActiveCfg = Debug|Win32
		{922B3916-A23C-4197-B390-AEEDDFC66CF4}.Debug|x86.Build.0 = Debug|Win32
		{922B3916-A23C-4197-B390-AEEDDFC66CF4}.Release|x64.ActiveCfg = Release|x64
		{922B3916-A23C-4197-B390-AEEDDFC66CF4}.Release|x64.Build.0 = Release|x64
		{922B3916-A23C-4197-B390-AEEDDFC66CF4}.Release|x86.ActiveCfg = Release|Win32
		{922B3916-A23C-4197-B390-AEEDDFC66CF4}.Release|x86.Build.0 = Release|Win32
		{3E32EA6F-59E5-4AF2-B7F7-F73ECA59DD34}.Debug|x64.ActiveCfg = Debug|x64
		{3E32EA6F-59E5-4AF2-B7F7-F73ECA59DD34}.Debug|x64.Build.0 = Debug|x64
		{3E32EA6F-59E5-4AF2-B7F7-F73ECA59DD34}.Debug|x86.ActiveCfg = Debug|Win32
		{3E32EA6F-59E5-4AF2-B7F7-F73ECA59DD34}.Debug|x86.Build.0 = Debug|Win32
		{3E32EA6F-59E5-4AF2-B7F7-F73ECA59DD34}.Release|x64.ActiveCfg = Release|x64
		{3E32EA6F-59E5-4AF2-B7F7-F73ECA59DD34}.Release|x64.Build.0 = Release|x64
		{3E32EA6F-59E5-4AF2-B7F7-F73ECA59DD34}.Release|x86.ActiveCfg = Release|Win32
		{3E32EA6F-59E5-4AF2-B7F7-F73ECA59DD34}.Release|x86.Build.0 = Release|Win32
		{E3805E00-E016-477A-9230-728F15AE3CC8}.Debug|x64.ActiveCfg = Debug|x64
		{E3805E00-E016-477A-9230-728F15AE3CC8}.Debug|x64.Build.0 = Debug|x64
		{E3805E00-E016-477A-9230-728F15AE3CC8}.Debug|x86.ActiveCfg = Debug|Win32
		{E3805E00-E016-477A-9230-728F15AE3CC8}.Debug|x86.Build.0 = Debug|Win32
		{E3805E00-E016-477A-9230-728F15AE3CC8}.Release|x64.ActiveCfg = Release|x64
		{E3805E00-E016-477A-9230-728F15AE3CC8}.Release|x64.Build.0 = Release|x64
		{E3805E00-E016-477A-9230-728F15AE3CC8}.Release|x86.ActiveCfg = Release|Win32
		{E3805E00-E016-477A-9230-728F15AE3CC8}.Release|x86.Build.0 = Release|Win32
		{F765A9C4-8B85-47FF-8498-7E4DE2F37075}.Debug|x64.ActiveCfg = Debug|x64
		{F765A9C4-8B85-47FF-8498-7E4DE2F37075}.Debug|x64.Build.0 = Debug|x64
		{F765A9C4-8B85-47FF-8498-7E4DE2F37075}.Debug|x86.ActiveCfg = Debug|Win32
		{F765A9C4-8B85-47FF-8498-7E4DE2F37075}.Debug|x86.Build.0 = Debug|Win32
		{F765A9C4-8B85-47FF-8498-7E4DE2F37075}.Release|x64.ActiveCfg = Release|x64
		{F765A9C4-8B85-47FF-8498-7E4DE2F37075}.Release|x64.Build.0 = Release|x64
		{F765A9C4-8B85-47FF-8498-7E4DE2F37075}.Release|x86.ActiveCfg = Release|Win32
		{F765A9C4-8B85-47FF-8498-7E4DE2F37075}.Release|x86.Build.0 = Release|Win32
		{B2D0B9BF-06DC-4EF3-897C-538D1E71AD1A}.Debug|x64.ActiveCfg = Debug|x64
		{B2D0B9BF-06DC-4EF3-897C-538D1E71AD1A}.Debug|x64.Build.0 = Debug|x64
		{B2D0B9BF-06DC-4EF3-897C-538D1E71AD1A}.Debug|x86.ActiveCfg = Debug|Win32
		{B2D0B9BF-06DC-4EF3-897C-538D1E71AD1A}.Debug|x86.Build.0 = Debug|Win32
		{B2D0B9BF-06DC-4EF3-897C-538D1E71AD1A}.Release|x64.ActiveCfg = Release|x64
		{B2D0B9BF-06DC-4EF3-897C-538D1E71AD1A}.Release|x64.Build.0 = Release|x64
		{B2D0B9BF-06DC-4EF3-897C-538D1E71AD1A}.Release|x86.ActiveCfg = Release|Win32
		{B2D0B9BF-06DC-4EF3-897C-538D1E71AD1A}.Release|x86.Build.0 = Release|Win32
		{AFD522EC-FCDF-4D1B-87A1-2D9708B283A1}.Debug|x64.ActiveCfg = Debug|x64
		{AFD522EC-FCDF-4D1B-87A1-2D9708B283A1}.Debug|x64.Build.0 = Debug|x64
		{AFD522EC-FCDF-4D1B-87A1-2D9708B283A1}.Debug|x86.ActiveCfg = Debug|Win32
		{AFD522EC-FCDF-4D1B-87A1-2D9708B283A1}.Debug|x86.Build.0 = Debug|Win32
		{AFD522EC-FCDF-4D1B-87A1-2D9708B283A1}.Release|x64.ActiveCfg = Release|x64
		{AFD522EC-FCDF-4D1B-87A1-2D9708B283A1}.Release|x64.Build.0 = Release|x64
		{AFD522EC-FCDF-4D1B-87A1-2D9708B283A1}.Release|x86.ActiveCfg = Release|Win32
		{AFD522EC-FCDF-4D1B-87A1-2D9708B283A1}.Release|x86.Build.0 = Release|Win32
		{BCB1EB0E-6966-4B54-87B7-FD84168B31F0}.Debug|x64.ActiveCfg = Debug|x64
		{BCB1EB0E-6966-4B54-87B7-FD84168B31F0}.Debug|x64.Build.0 = Debug|x64
		{BCB1EB0E-6966-4B54-87B7-FD84168B31F0}.Debug|x86.ActiveCfg = Debug|Win32
		{BCB1EB0E-6966-4B54-87B7-FD84168B31F0}.Debug|x86.Build.0 = Debug|Win32
		{BCB1EB0E-6966-4B54-87B7-FD84168B31F0}.Release|x64.ActiveCfg = Release|x64
		{BCB1EB0E-6966-4B54-87B7-FD84168B31F0}.Release|x64.Build.0 = Release|x64
		{BCB1EB0E-6966-4B54-87B7-FD84168B31F0}.Release|x86.ActiveCfg = Release|Win32
		{BCB1EB0E-6966-4B54-87B7-FD84168B31F0}.Release|x86.Build.0 = Release|Win32
		{598C65CD-65AA-493A-AF8B-F0A0E949B998}.Debug|x64.ActiveCfg = Debug|x64
		{598C65CD-65AA-493A-AF8B-F0A0E949B998}.Debug|x64.Build.0 = Debug|x64
		{598C65CD-65AA-493A-AF8B-F0A0E949B998}.Debug|x86.ActiveCfg = Debug|Win32
		{598C65CD-65AA-493A-AF8B-F0A0E949B998}.Debug|x86.Build.0 = Debug|Win32
		{598C65CD-65AA-493A-AF8B-F0A0E949B998}.Release|x64.ActiveCfg = Release|x64
		{598C65CD-65AA-493A-AF8B-F0A0E949B998}.Release|x64.Build.0 = Release|x64
		{598C65CD-65AA-493A-AF8B-F0A0E949B998}.Release|x86.ActiveCfg = Release|Win32
		{598C65CD-65AA-493A-AF8B-F0A0E949B998}.Release|x86.Build.0 = Release|Win32
		{46A064D7-3551-44BC-A5D8-4B24A9FD5BA6}.Debug|x64.ActiveCfg = Debug|x64
		{46A064D7-3551-44BC-A5D8-4B24A9FD5BA6}.Debug|x64.Build.0 = Debug|x64
		{46A064D7-3551-44BC-A5D8-4B24A9FD5BA6}.Debug|x86.ActiveCfg = Debug|Win32
		{46A064D7-3551-44BC-A5D8-4B24A9FD5BA6}.Debug|x86.Build.0 = Debug|Win32
		{46A064D7-3551-44BC-A5D8-4B24A9FD5BA6}.Release|x64.ActiveCfg = Release|x64
		{46A064D7-3551-44BC-A5D8-4B24A9FD5BA6}.Release|x64.Build.0 = Release|x64
		{46A064D7-3551-44BC-A5D8-4B24A9FD5BA6}.Release|x86.ActiveCfg = Release|Win32
		{46A064D7-3551-44BC-A5D8-4B24A9FD5BA6}.Release|x86.Build.0 = Release|Win32
		{E0E9E259-A110-4219-98D5-8738B744D138}.Debug|x64.ActiveCfg = Debug|x64
		{E0E9E259-A110-4219-98D5-8738B744D138}.Debug|x64.Build.0 = Debug|x64
		{E0E9E259-A110-4219-98D5-8738B744D138}.Debug|x86.ActiveCfg = Debug|Win32
		{E0E9E259-A110-4219-98D5-8738B744D138}.Debug|x86.Build.0 = Debug|Win32
		{E0E9E259-A110-4219-98D5-8738B744D138}.Release|x64.ActiveCfg = Release|x64
		{E0E9E259-A110-4219-98D5-8738B744D138}.Release|x64.Build.0 = Release|x64
		{E0E9E259-A110-4219-98D5-8738B744D138}.Release|x86.ActiveCfg = Release|Win32
		{E0E9E259-A110-4219-98D5-8738B744D138}.Release|x86.Build.0 = Release|Win32
		{4CCB747F-AFE7-4A2C-A455-051A916946CD}.Debug|x64.ActiveCfg = Debug|x64
		{4CCB747F-AFE7-4A2C-A455-051A916946CD}.Debug|x64.Build.0 = Debug|x64
		{4CCB747F-AFE7-4A2C-A455-051A916946CD}.Debug|x86.ActiveCfg = Debug|Win32
		{4CCB747F-AFE7-4A2C-A455-051A916946CD}.Debug|x86.Build.0 = Debug|Win32
		{4CCB747F-AFE7-4A2C-A455-051A916946CD}.Release|x64.ActiveCfg = Release|x64
		{4CCB747F-AFE7-4A2C-A455-051A916946CD}.Release|x64.Build.0 = Release|x64
		{4CCB747F-AFE7-4A2C-A455-051A916946CD}.Release|x86.ActiveCfg = Release|Win32
		{4CCB747F-AFE7-4A2C-A455-051A916946CD}.Release|x86.Build.0 = Release|Win32
		{8444E7EA-CCB2-4C68-B7AB-DD6A11C01DF3}.Debug|x64.ActiveCfg = Debug|x64
		{8444E7EA-CCB2-4C68-B7AB-DD6A11C01DF3}.Debug|x64.Build.0 = Debug|x64
		{8444E7EA-CCB2-4C68-B7AB-DD6A11C01DF3}.Debug|x86.ActiveCfg = Debug|Win32
		{8444E7EA-CCB2-4C68-B7AB-DD6A11C01DF3}.Debug|x86.Build.0 = Debug|Win32
		{8444E7EA-CCB2-4C68-B7AB-DD6A11C01DF3}.Release|x64.ActiveCfg = Release|x64
		{8444E7EA-CCB2-4C68-B7AB-DD6A11C01DF3}.Release|x64.Build.0 = Release|x64
		{8444E7EA-CCB2-4C68-B7AB-DD6A11C01DF3}.Release|x86.ActiveCfg = Release|Win32
		{8444E7EA-CCB2-4C68-B7AB-DD6A11C01DF3}.Release|x86.Build.0 = Release|Win32
		{7BECDB31-3682-469B-9F78-ECBE1E2755F4}.Debug|x64.ActiveCfg = Debug|x64
		{7BECDB31-3682-469B-9F78-ECBE1E2755F4}.Debug|x64.Build.0 = Debug|x64
		{7BECDB31-3682-469B-9F78-ECBE1E2755F4}.Debug|x86.ActiveCfg = Debug|Win32
		{7BECDB31-3682-469B-9F78-ECBE1E2755F4}.Debug|x86.Build.0 = Debug|Win32
		{7BECDB31-3682-469B-9F78-ECBE1E2755F4}.Release|x64.ActiveCfg = Release|x64
		{7BECDB31-3682-469B-9F78-ECBE1E2755F4}.Release|x64.Build.0 = Release|x64
		{7BECDB31-3682-469B-9F78-ECBE1E2755F4}.Release|x86.ActiveCfg = Release|Win32
		{7BECDB31-3682-469B-9F78-ECBE1E2755F4}.Release|x86.Build.0 = Release|Win32
		{B0BDC256-4832-40C3-958F-29A16EA73201}.Debug|x64.ActiveCfg = Debug|x64
		{B0BDC256-4832-40C3-958F-29A16EA73201}.Debug|x64.Build.0 = Debug|x64
		{B0BDC256-4832-40C3-958F-29A16EA73201}.Debug|x86.ActiveCfg = Debug|Win32
		{B0BDC256-4832-40C3-958F-29A16EA73201}.Debug|x86.Build.0 = Debug|Win32
		{B0BDC256-4832-40C3-958F-29A16EA73201}.Release|x64.ActiveCfg = Release|x64
		{B0BDC256-4832-40C3-958F-29A16EA73201}.Release|x64.Build.0 = Release|x64
		{B0BDC256-4832-40C3-958F-29A16EA73201}.Release|x86.ActiveCfg = Release|Win32
		{B0BDC256-4832-40C3-958F-29A16EA73201}.Release|x86.Build.0 = Release|Win32
		{367E90DF-3873-43F7-819C-EE476E07EBAA}.Debug|x64.ActiveCfg = Debug|x64
		{367E90DF-3873-43F7-819C-EE476E07EBAA}.Debug|x64.Build.0 = Debug|x64
		{367E90DF-3873-43F7-819C-EE476E07EBAA}.Debug|x86.ActiveCfg = Debug|Win32
		{367E90DF-3873-43F7-819C-EE476E07EBAA}.Debug|x86.Build.0 = Debug|Win32
		{367E90DF-3873-43F7-819C-EE476E07EBAA}.Release|x64.ActiveCfg = Release|x64
		{367E90DF-3873-43F7-819C-EE476E07EBAA}.Release|x64.Build.0 = Release|x64
		{367E90DF-3873-43F7-819C-EE476E07EBAA}.Release|x86.ActiveCfg = Release|Win32
		{367E90DF-3873-43F7-819C-EE476E07EBAA}.Release|x86.Build.0 = Release|Win32
		{82F61CAE-BBEC-4036-B711-87D64CCDE19C}.Debug|x64.ActiveCfg = Debug|x64
		{82F61CAE-BBEC-4036-B711-87D64CCDE19C}.Debug|x64.Build.0 = Debug|x64
		{82F61CAE-BBEC-4036-B711-87D64CCDE19C}.Debug|x86.ActiveCfg = Debug|Win32
		{82F61CAE-BBEC-4036-B711-87D64CCDE19C}.Debug|x86.Build.0 = Debug|Win32
		{82F61CAE-BBEC-4036-B711-87D64CCDE19C}.Release|x64.ActiveCfg = Release|x64
		{82F61CAE-BBEC-4036-B711-87D64CCDE19C}.Release|x64.Build.0 = Release|x64
		{82F61CAE-BBEC-4036-B711-87D64CCDE19C}.Release|x86.ActiveCfg = Release|Win32
		{82F61CAE-BBEC-4036-B711-87D64CCDE19C}.Release|x86.Build.0 = Release|Win32
		{D8F39367-5BEB-40A5-B526-5DDA7AB2229B}.Debug|x64.ActiveCfg = Debug|x64
		{D8F39367-5BEB-40A5-B526-5DDA7AB2229B}.Debug|x64.Build.0 = Debug|x64
		{D8F39367-5BEB-40A5-B526-5DDA7AB2229B}.Debug|x86.ActiveCfg = Debug|Win32
		{D8F39367-5BEB-40A5-B526-5DDA7AB2229B}.Debug|x86.Build.0 = Debug|Win32
		{D8F39367-5BEB-40A5-B526-5DDA7AB2229B}.Release|x64.ActiveCfg = Release|x64
		{D8F39367-5BEB-40A5-B526-5DDA7AB2229B}.Release|x64.Build.0 = Release|x64
		{D8F39367-5BEB-40A5-B526-5DDA7AB2229B}.Release|x86.ActiveCfg = Release|Win32
		{D8F39367-5BEB-40A5-B526-5DDA7AB2229B}.Release|x86.Build.0 = Release|Win32
		{7237D67C-6495-4989-83F5-112B9B77DC3C}.Debug|x64.ActiveCfg = Debug|x64
		{7237D67C-6495-4989-83F5-112B9B77DC3C}.Debug|x64.Build.0 = Debug|x64
		{7237D67C-6495-4989-83F5-112B9B77DC3C}.Debug|x86.ActiveCfg = Debug|Win32
		{7237D67C-6495-4989-83F5-112B9B77DC3C}.Debug|x86.Build.0 = Debug|Win32
		{7237D67C-6495-4989-83F5-112B9B77DC3C}.Release|x64.ActiveCfg = Release|x64
		{7237D67C-6495-4989-83F5-112B9B77DC3C}.Release|x64.Build.0 = Release|x64
		{7237D67C-6495-4989-83F5-112B9B77DC3C}.Release|x86.ActiveCfg = Release|Win32
		{7237D67C-6495-4989-83F5-112B9B77DC3C}.Release|x86.Build.0 = Release|Win32
		{1658E4C7-7D42-4FF9-AF1C-7BA323A73FD9}.Debug|x64.ActiveCfg = Debug|x64
		{1658E4C7-7D42-4FF9-AF1C-7BA323A73FD9}.Debug|x64.Build.0 = Debug|x64
		{1658E4C7-7D42-4FF9-AF1C-7BA323A73FD9}.Debug|x86.ActiveCfg = Debug|Win32
		{1658E4C7-7D42-4FF9-AF1C-7BA323A73FD9}.Debug|x86.Build.0 = Debug|Win32
		{1658E4C7-7D42-4FF9-AF1C-7BA323A73FD9}.Release|x64.ActiveCfg = Release|x64
		{1658E4C7-7D42-4FF9-AF1C-7BA323A73FD9}.Release|x64.Build.0 = Release|x64
		{1658E4C7-7D42-4FF9-AF1C-7BA323A73FD9}.Release|x86.ActiveCfg = Release|Win32
		{1658E4C7-7D42-4FF9-AF1C-7BA323A73FD9}.Release|x86.Build.0 = Release|Win32
		{BA3C8156-B36E-46F0-AEA0-DC988D17300D}.Debug|x64.ActiveCfg = Debug|x64
		{BA3C8156-B36E-46F0-AEA0-DC988D17300D}.Debug|x64.Build.0 = Debug|x64
		{BA3C8156-B36E-46F0-AEA0-DC988D17300D}.Debug|x86.ActiveCfg = Debug|Win32
		{BA3C8156-B36E-46F0-AEA0-DC988D17300D}.Debug|x86.Build.0 = Debug|Win32
		{BA3C8156-B36E-46F0-AEA0-DC988D17300D}.Release|x64.ActiveCfg = Release|x64
		{BA3C8156-B36E-46F0-AEA0-DC988D17300D}.Release|x64.Build.0 = Release|x64
		{BA3C8156-B36E-46F0-AEA0-DC988D17300D}.Release|x86.ActiveCfg = Release|Win32
		{BA3C8156-B36E-46F0-AEA0-DC988D17300D}.Release|x86.Build.0 = Release|Win32
		{21D75C8F-7E76-407E-89E0-6A24DA974580}.Debug|x64.ActiveCfg = Debug|x64
		{21D75C8F-7E76-407E-89E0-6A24DA974580}.Debug|x64.Build.0 = Debug|x64
		{21D75C8F-7E76-407E-89E0-6A24DA974580}.Debug|x86.ActiveCfg = Debug|Win32
		{21D75C8F-7E76-407E-89E0-6A24DA974580}.Debug|x86.Build.0 = Debug|Win32
		{21D75C8F-7E76-407E-89E0-6A24DA974580}.Release|x64.ActiveCfg = Release|x64
		{21D75C8F-7E76-407E-89E0-6A24DA974580}.Release|x64.Build.0 = Release|x64
		{21D75C8F-7E76-407E-89E0-6A24DA974580}.Release|x86.ActiveCfg = Release|Win32
		{21D75C8F-7E76-407E-89E0-6A24DA974580}.Release|x86.Build.0 = Release|Win32
		{476640C6-9AEE-471F-8D58-BB398FD7975C}.Debug|x64.ActiveCfg = Debug|x64
		{476640C6-9AEE-471F-8D58-BB398FD7975C}.Debug|x64.Build.0 = Debug|x64
		{476640C6-9AEE-471F-8D58-BB398FD7975C}.Debug|x86.ActiveCfg = Debug|Win32
		{476640C6-9AEE-471F-8D58-BB398FD7975C}.Debug|x86.Build.0 = Debug|Win32
		{476640C6-9AEE-471F-8D58-BB398FD7975C}.Release|x64.ActiveCfg = Release|x64
		{476640C6-9AEE-471F-8D58-BB398FD7975C}.Release|x64.Build.0 = Release|x64
		{476640C6-9AEE-471F-8D58-BB398FD7975C}.Release|x86.ActiveCfg = Release|Win32
		{476640C6-9AEE-471F-8D58-BB398FD7975C}.Release|x86.Build.0 = Release|Win32
		{C476EC84-6AB1-4A5B-8DEB-FAB41688D345}.Debug|x64.ActiveCfg = Debug|x64
		{C476EC84-6AB1-4A5B-8DEB-FAB41688D345}.Debug|x64.Build.0 = Debug|x64
		{C476EC84-6AB1-4A5B-8DEB-FAB41688D345}.Debug|x86.ActiveCfg = Debug|Win32
		{C476EC84-6AB1-4A5B-8DEB-FAB41688D345}.Debug|x86.Build.0 = Debug|Win32
		{C476EC84-6AB1-4A5B-8DEB-FAB41688D345}.Release|x64.ActiveCfg = Release|x64
		{C476EC84-6AB1-4A5B-8DEB-FAB41688D345}.Release|x64.Build.0 = Release|x64
		{C476EC84-6AB1-4A5B-8DEB-FAB41688D345}.Release|x86.ActiveCfg = Release|Win32
		{C476EC84-6AB1-4A5B-8DEB-FAB41688D345}.Release|x86.Build.0 = Release|Win32
		{A930572A-E96A-4744-A1D1-85FD85361050}.Debug|x64.ActiveCfg = Debug|x64
		{A930572A-E96A-4744-A1D1-85FD85361050}.Debug|x64.Build.0 = Debug|x64
		{A930572A-E96A-4744-A1D1-85FD85361050}.Debug|x86.ActiveCfg = Debug|Win32
		{A930572A-E96A-4744-A1D1-85FD85361050}.Debug|x86.Build.0 = Debug|Win32
		{A930572A-E96A-4744-A1D1-85FD85361050}.Release|x64.ActiveCfg = Release|x64
		{A930572A-E96A-4744-A1D1-85FD85361050}.Release|x64.Build.0 = Release|x64
		{A930572A-E96A-4744-A1D1-85FD85361050}.Release|x86.ActiveCfg = Release|Win32
		{A930572A-E96A-4744-A1D1-85FD85361050}.Release|x86.Build.0 = Release|Win32
		{6B5B0CCF-A7D4-4B76-A2A7-2C2A1D04BA56}.Debug|x64.ActiveCfg = Debug|x64
		{6B5B0CCF-A7D4-4B76-A2A7-2C2A1D04BA56}.Debug|x64.Build.0 = Debug|x64
		{6B5B0CCF-A7D4-4B76-A2A7-2C2A1D04BA56}.Debug|x86.ActiveCfg = Debug|Win32
		{6B5B0CCF-A7D4-4B76-A2A7-2C2A1D04BA56}.Debug|x86.Build.0 = Debug|Win32
		{6B5B0CCF-A7D4-4B76-A2A7-2C2A1D04BA56}.Release|x64.ActiveCfg = Release|x64
		{6B5B0CCF-A7D4-4B76-A2A7-2C2A1D04BA56}.Release|x64.Build.0 = Release|x64
		{6B5B0CCF-A7D4-4B76-A2A7-2C2A1D04BA56}.Release|x86.ActiveCfg = Release|Win32
		{6B5B0CCF-A7D4-4B76-A2A7-2C2A1D04BA56}.Release|x86.Build.0 = Release|Win32
		{E97DA30A-6597-4CC2-87A4-F2E38EA8BF43}.Debug|x64.ActiveCfg = Debug|x64
		{E97DA30A-6597-4CC2-87A4-F2E38EA8BF43}.Debug|x64.Build.0 = Debug|x64
		{E97DA30A-6597-4CC2-87A4-F2E38EA8BF43}.Debug|x86.ActiveCfg = Debug|Win32
		{E97DA30A-6597-4CC2-87A4-F2E38EA8BF43}.Debug|x86.Build.0 = Debug|Win32
		{E97DA30A-6597-4CC2-87A4-F2E38EA8BF43}.Release|x64.ActiveCfg = Release|x64
		{E97DA30A-6597-4CC2-87A4-F2E38EA8BF43}.Release|x64.Build.0 = Release|x64
		{E97DA30A-6597-4CC2-87A4-F2E38EA8BF43}.Release|x86.ActiveCfg = Release|Win32
		{E97DA30A-6597-4CC2-87A4-F2E38EA8BF43}.Release|x86.Build.0 = Release|Win32
		{2255B772-2619-4AFB-A8F8-42F79F011C88}.Debug|x64.ActiveCfg = Debug|x64
		{2255B772-2619-4AFB-A8F8-42F79F011C88}.Debug|x64.Build.0 = Debug|x64
		{2255B772-2619-4AFB-A8F8-42F79F011C88}.Debug|x86.ActiveCfg = Debug|Win32
		{2255B772-2619-4AFB-A8F8-42F79F011C88}.Debug|x86.Build.0 = Debug|Win32
		{2255B772-2619-4AFB-A8F8-42F79F011C88}.Release|x64.ActiveCfg = Release|x64
		{2255B772-2619-4AFB-A8F8-42F79F011C88}.Release|x64.Build.0 = Release|x64
		{2255B772-2619-4AFB-A8F8-42F79F011C88}.Release|x86.ActiveCfg = Release|Win32
		{2255B772-2619-4AFB-A8F8-42F79F011C88}.Release|x86.Build.0 = Release|Win32
		{CBE074A7-0CD8-4E0A-B24C-6C903B07CB28}.Debug|x64.ActiveCfg = Debug|x64
		{CBE074A7-0CD8-4E0A-B24C-6C903B07CB28}.Debug|x64.Build.0 = Debug|x64
		{CBE074A7-0CD8-4E0A-B24C-6C903B07CB28}.Debug|x86.ActiveCfg = Debug|Win32
		{CBE074A7-0CD8-4E0A-B24C-6C903B07CB28}.Debug|x86.Build.0 = Debug|Win32
		{CBE074A7-0CD8-4E0A-B24C-6C903B07CB28}.Release|x64.ActiveCfg = Release|x64
		{CBE074A7-0CD8-4E0A-B24C-6C903B07CB28}.Release|x64.Build.0 = Release|x64
		{CBE074A7-0CD8-4E0A-B24C-6C903B07CB28}.Release|x86.ActiveCfg = Release|Win32
		{CBE074A7-0CD8-4E0A-B24C-6C903B07CB28}.Release|x86.Build.0 = Release|Win32
		{FCCBC98E-C1E8-4454-A612-DC193E745FE9}.Debug|x64.ActiveCfg = Debug|x64
		{FCCBC98E-C1E8-4454-A612-DC193E745FE9}.Debug|x64.Build.0 = Debug|x64
		{FCCBC98E-C1E8-4454-A612-DC193E745FE9}.Debug|x86.ActiveCfg = Debug|Win32
		{FCCBC98E-C1E8-4454-A612-DC193E745FE9}.Debug|x86.Build.0 = Debug|Win32
		{FCCBC98E-C1E8-4454-A612-DC193E745FE9}.Release|x64.ActiveCfg = Release|x64
		{FCCBC98E-C1E8-4454-A612-DC193E745FE9}.Release|x64.Build.0 = Release|x64
		{FCCBC98E-C1E8-4454-A612-DC193E745FE9}.Release|x86.ActiveCfg = Release|Win32
		{FCCBC98E-C1E8-4454-A612-DC193E745FE9}.Release|x86.Build.0 = Release|Win32
		{B73931AA-3A5D-4C19-AA9B-79C669AE500A}.Debug|x64.ActiveCfg = Debug|x64
		{B73931AA-3A5D-4C19-AA9B-79C669AE500A}.Debug|x64.Build.0 = Debug|x64
		{B73931AA-3A5D-4C19-AA9B-79C669AE500A}.Debug|x86.ActiveCfg = Debug|Win32
		{B73931AA-3A5D-4C19-AA9B-79C669AE500A}.Debug|x86.Build.0 = Debug|Win32
		{B73931AA-3A5D-4C19-AA9B-79C669AE500A}.Release|x64.ActiveCfg = Release|x64
		{B73931AA-3A5D-4C19-AA9B-79C669AE500A}.Release|x64.Build.0 = Release|x64
		{B73931AA-3A5D-4C19-AA9B-79C669AE500A}.Release|x86.ActiveCfg = Release|Win32
		{B73931AA-3A5D-4C19-AA9B-79C669AE500A}.Release|x86.Build.0 = Release|Win32
		{C818C2D3-5A67-4F3B-B516-55636CC71C5B}.Debug|x64.ActiveCfg = Debug|x64
		{C818C2D3-5A67-4F3B-B516-55636CC71C5B}.Debug|x64.Build.0 = Debug|x64
		{C818C2D3-5A67-4F3B-B516-55636CC71C5B}.Debug|x86.ActiveCfg = Debug|Win32
		{C818C2D3-5A67-4F3B-B516-55636CC71C5B}.Debug|x86.Build.0 = Debug|Win32
		{C818C2D3-5A67-4F3B-B516-55636CC71C5B}.Release|x64.ActiveCfg = Release|x64
		{C818C2D3-5A67-4F3B-B516-55636CC71C5B}.Release|x64.Build.0 = Release|x64
		{C818C2D3-5A67-4F3B-B516-55636CC71C5B}.Release|x86.ActiveCfg = Release|Win32
		{C818C2D3-5A67-4F3B-B516-55636CC71C5B}.Release|x86.Build.0 = Release|Win32
		{A29F3FC1-5756-400D-8E23-67B593CC47D9}.Debug|x64.ActiveCfg = Debug|x64
		{A29F3FC1-5756-400D-8E23-67B593CC47D9}.Debug|x64.Build.0 = Debug|x64
		{A29F3FC1-5756-400D-8E23-67B593CC47D9}.Debug|x86.ActiveCfg = Debug|Win32
		{A29F3FC1-5756-400D-8E23-67B593CC47D9}.Debug|x86.Build.0 = Debug|Win32
		{A29F3FC1-5756-400D-8E23-67B593CC47D9}.Release|x64.ActiveCfg = Release|x64
		{A29F3FC1-5756-400D-8E23-67B593CC47D9}.Release|x64.Build.0 = Release|x64
		{A29F3FC1-5756-400D-8E23-67B593CC47D9}.Release|x86.ActiveCfg = Release|Win32
		{A29F3FC1-5756-400D-8E23-67B593CC47D9}.Release|x86.Build.0 = Release|Win32
		{23F91EF2-0E19-4E87-A79A-D45839CE2575}.Debug|x64.ActiveCfg = Debug|x64
		{23F91EF2-0E19-4E87-A79A-D45839CE2575}.Debug|x64.Build.0 = Debug|x64
		{23F91EF2-0E19-4E87-A79A-D45839CE2575}.Debug|x86.ActiveCfg = Debug|Win32
		{23F91EF2-0E19-4E87-A79A-D45839CE2575}.Debug|x86.Build.0 = Debug|Win32
		{23F91EF2-0E19-4E87-A79A-D45839CE2575}.Release|x64.ActiveCfg = Release|x64
		{23F91EF2-0E19-4E87-A79A-D45839CE2575}.Release|x64.Build.0 = Release|x64
		{23F91EF2-0E19-4E87-A79A-D45839CE2575}.Release|x86.ActiveCfg = Release|Win32
		{23F91EF2-0E19-4E87-A79A-D45839CE2575}.Release|x86.Build.0 = Release|Win32
		{401BE724-205B-488B-B520-BA1D4E8FC0E5}.Debug|x64.ActiveCfg = Debug|x64
		{401BE724-205B-488B-B520-BA1D4E8FC0E5}.Debug|x64.Build.0 = Debug|x64
		{401BE724-205B-488B-B520-BA1D4E8FC0E5}.Debug|x86.ActiveCfg = Debug|Win32
		{401BE724-205B-488B-B520-BA1D4E8FC0E5}.Debug|x86.Build.0 = Debug|Win32
		{401BE724-205B-488B-B520-BA1D4E8FC0E5}.Release|x64.ActiveCfg = Release|x64
		{401BE724-205B-488B-B520-BA1D4E8FC0E5}.Release|x64.Build.0 = Release|x64
		{401BE724-205B-488B-B520-BA1D4E8FC0E5}.Release|x86.ActiveCfg = Release|Win32
		{401BE724-205B-488B-B520-BA1D4E8FC0E5}.Release|x86.Build.0 = Release|Win32
		{5C5F8A26-28FE-47D4-9C47-3F2A57485B0F}.Debug|x64.ActiveCfg = Debug|x64
		{5C5F8A26-28FE-47D4-9C47-3F2A57485B0F}.Debug|x64.Build.0 = Debug|x64
		{5C5F8A26-28FE-47D4-9C47-3F2A57485B0F}.Debug|x86.ActiveCfg = Debug|Win32
		{5C5F8A26-28FE-47D4-9C47-3F2A57485B0F}.Debug|x86.Build.0 = Debug|Win32
		{5C5F8A26-28FE-47D4-9C47-3F2A57485B0F}.Release|x64.ActiveCfg = Release|x64
		{5C5F8A26-28FE-47D4-9C47-3F2A57485B0F}.Release|x64.Build.0 = Release|x64
		{5C5F8A26-28FE-47D4-9C47-3F2A57485B0F}.Release|x86.ActiveCfg = Release|Win32
		{5C5F8A26-28FE-47D4-9C47-3F2A57485B0F}.Release|x86.Build.0 = Release|Win32
		{86570CC2-2883-4998-80EF-0D6C091A2207}.Debug|x64.ActiveCfg = Debug|x64
		{86570CC2-2883-4998-80EF-0D6C091A2207}.Debug|x64.Build.0 = Debug|x64
		{86570CC2-2883-4998-80EF-0D6C091A2207}.Debug|x86.ActiveCfg = Debug|Win32
		{86570CC2-2883-4998-80EF-0D6C091A2207}.Debug|x86.Build.0 = Debug|Win32
		{86570CC2-2883-4998-80EF-0D6C091A2207}.Release|x64.ActiveCfg = Release|x64
		{86570CC2-2883-4998-80EF-0D6C091A2207}.Release|x64.Build.0 = Release|x64
		{86570CC2-2883-4998-80EF-0D6C091A2207}.Release|x86.ActiveCfg = Release|Win32
		{86570CC2-2883-4998-80EF-0D6C091A2207}.Release|x86.Build.0 = Release|Win32
		{BA7FB9CA-D56C-4378-90DD-7678B75AFD4D}.Debug|x64.ActiveCfg = Debug|x64
		{BA7FB9CA-D56C-4378-90DD-7678B75AFD4D}.Debug|x64.Build.0 = Debug|x64
		{BA7FB9CA-D56C-4378-90DD-7678B75AFD4D}.Debug|x86.ActiveCfg = Debug|Win32
		{BA7FB9CA-D56C-4378-90DD-7678B75AFD4D}.Debug|x86.Build.0 = Debug|Win32
		{BA7FB9CA-D56C-4378-90DD-7678B75AFD4D}.Release|x64.ActiveCfg = Release|x64
		{BA7FB9CA-D56C-4378-90DD-7678B75AFD4D}.Release|x64.Build.0 = Release|x64
		{BA7FB9CA-D56C-4378-90DD-7678B75AFD4D}.Release|x86.ActiveCfg = Release|Win32
		{BA7FB9CA-D56C-4378-90DD-7678B75AFD4D}.Release|x86.Build.0 = Release|Win32
		{BA93790A-24DF-4ED0-993F-FCC970B88E5F}.Debug|x64.ActiveCfg = Debug|x64
		{BA93790A-24DF-4ED0-993F-FCC970B88E5F}.Debug|x64.Build.0 = Debug|x64
		{BA93790A-24DF-4ED0-993F-FCC970B88E5F}.Debug|x86.ActiveCfg = Debug|Win32
		{BA93790A-24DF-4ED0-993F-FCC970B88E5F}.Debug|x86.Build.0 = Debug|Win32
		{BA93790A-24DF-4ED0-993F-FCC970B88E5F}.Release|x64.ActiveCfg = Release|x64
		{BA93790A-24DF-4ED0-993F-FCC970B88E5F}.Release|x64.Build.0 = Release|x64
		{BA93790A-24DF-4ED0-993F-FCC970B88E5F}.Release|x86.ActiveCfg = Release|Win32
		{BA93790A-24DF-4ED0-993F-FCC970B88E5F}.Release|x86.Build.0 = Release|Win32
		{AD1CFFF2-C695-415A-A7F9-8E308D05070C}.Debug|x64.ActiveCfg = Debug|x64
		{AD1CFFF2-C695-415A-A7F9-8E308D05070C}.Debug|x64.Build.0 = Debug|x64
		{AD1CFFF2-C695-415A-A7F9-8E308D05070C}.Debug|x86.ActiveCfg = Debug|Win32
		{AD1CFFF2-C695-415A-A7F9-8E308D05070C}.Debug|x86.Build.0 = Debug|Win32
		{AD1CFFF2-C695-415A-A7F9-8E308D05070C}.Release|x64.ActiveCfg = Release|x64
		{AD1CFFF2-C695-415A-A7F9-8E308D05070C}.Release|x64.Build.0 = Release|x64
		{AD1CFFF2-C695-415A-A7F9-8E308D05070C}.Release|x86.ActiveCfg = Release|Win32
		{AD1CFFF2-C695-415A-A7F9-8E308D05070C}.Release|x86.Build.0 = Release|Win32
		{D41D138C-B7B3-4083-ABD7-DFAA5503F1D0}.Debug|x64.ActiveCfg = Debug|x64
		{D41D138C-B7B3-4083-ABD7-DFAA5503F1D0}.Debug|x64.Build.0 = Debug|x64
		{D41D138C-B7B3-4083-ABD7-DFAA5503F1D0}.Debug|x86.ActiveCfg = Debug|Win32
		{D41D138C-B7B3-4083-ABD7-DFAA5503F1D0}.Debug|x86.Build.0 = Debug|Win32
		{D41D138C-B7B3-4083-ABD7-DFAA5503F1D0}.Release|x64.ActiveCfg = Release|x64
		{D41D138C-B7B3-4083-ABD7-DFAA5503F1D0}.Release|x64.Build.0 = Release|x64
		{D41D138C-B7B3-4083-ABD7-DFAA5503F1D0}.Release|x86.ActiveCfg = Release|Win32
		{D41D138C-B7B3-4083-ABD7-DFAA5503F1D0}.Release|x86.Build.0 = Release|Win32
		{CC131AB7-643A-4596-BF51-FB6828B14A17}.Debug|x64.ActiveCfg = Debug|x64
		{CC131AB7-643A-4596-BF51-FB6828B14A17}.Debug|x64.Build.0 = Debug|x64
		{CC131AB7-643A-4596-BF51-FB6828B14A17}.Debug|x86.ActiveCfg = Debug|Win32
		{CC131AB7-643A-4596-BF51-FB6828B14A17}.Debug|x86.Build.0 = Debug|Win32
		{CC131AB7-643A-4596-BF51-FB6828B14A17}.Release|x64.ActiveCfg = Release|x64
		{CC131AB7-643A-4596-BF51-FB6828B14A17}.Release|x64.Build.0 = Release|x64
		{CC131AB7-643A-4596-BF51-FB6828B14A17}.Release|x86.ActiveCfg = Release|Win32
		{CC131AB7-643A-4596-BF51-FB6828B14A17}.Release|x86.Build.0 = Release|Win32
		{BD30F2DA-B4FC-4BA5-B931-D4F59F413AB4}.Debug|x64.ActiveCfg = Debug|x64
		{BD30F2DA-B4FC-4BA5-B931-D4F59F413AB4}.Debug|x64.Build.0 = Debug|x64
		{BD30F2DA-B4FC-4BA5-B931-D4F59F413AB4}.Debug|x86.ActiveCfg = Debug|Win32
		{BD30F2DA-B4FC-4BA5-B931-D4F59F413AB4}.Debug|x86.Build.0 = Debug|Win32
		{BD30F2DA-B4FC-4BA5-B931-D4F59F413AB4}.Release|x64.ActiveCfg = Release|x64
		{BD30F2DA-B4FC-4BA5-B931-D4F59F413AB4}.Release|x64.Build.0 = Release|x64
		{BD30F2DA-B4FC-4BA5-B931-D4F59F413AB4}.Release|x86.ActiveCfg = Release|Win32
		{BD30F2DA-B4FC-4BA5-B931-D4F59F413AB4}.Release|x86.Build.0 = Release|Win32
		{D9475800-7917-4530-AEDC-C08208292532}.Debug|x64.ActiveCfg = Debug|x64
		{D9475800-7917-4530-AEDC-C08208292532}.Debug|x64.Build.0 = Debug|x64
		{D9475800-7917-4530-AEDC-C08208292532}.Debug|x86.ActiveCfg = Debug|Win32
		{D9475800-7917-4530-AEDC-C08208292532}.Debug|x86.Build.0 = Debug|Win32
		{D9475800-7917-4530-AEDC-C08208292532}.Release|x64.ActiveCfg = Release|x64
		{D9475800-7917-4530-AEDC-C08208292532}.Release|x64.Build.0 = Release|x64
		{D9475800-7917-4530-AEDC-C08208292532}.Release|x86.ActiveCfg = Release|Win32
		{D9475800-7917-4530-AEDC-C08208292532}.Release|x86.Build.0 = Release|Win32
		{921559A8-7839-44B0-8F70-AD52500EA4A7}.Debug|x64.ActiveCfg = Debug|x64
		{921559A8-7839-44B0-8F70-AD52500EA4A7}.Debug|x64.Build.0 = Debug|x64
		{921559A8-7839-44B0-8F70-AD52500EA4A7}.Debug|x86.ActiveCfg = Debug|Win32
		{921559A8-7839-44B0-8F70-AD52500EA4A7}.Debug|x86.Build.0 = Debug|Win32
		{921559A8-7839-44B0-8F70-AD52500EA4A7}.Release|x64.ActiveCfg = Release|x64
		{921559A8-7839-44B0-8F70-AD52500EA4A7}.Release|x64.Build.0 = Release|x64
		{921559A8-7839-44B0-8F70-AD52500EA4A7}.Release|x86.ActiveCfg = Release|Win32
		{921559A8-7839-44B0-8F70-AD52500EA4A7}.Release|x86.Build.0 = Release|Win32
		{DABDC305-442C-414D-92BC-40E03B2D00AA}.Debug|x64.ActiveCfg = Debug|x64
		{DABDC305-442C-414D-92BC-40E03B2D00AA}.Debug|x64.Build.0 = Debug|x64
		{DABDC305-442C-414D-92BC-40E03B2D00AA}.Debug|x86.ActiveCfg = Debug|Win32
		{DABDC305-442C-414D-92BC-40E03B2D00AA}.Debug|x86.Build.0 = Debug|Win32
		{DABDC305-442C-414D-92BC-40E03B2D00AA}.Release|x64.ActiveCfg = Release|x64
		{DABDC305-442C-414D-92BC-40E03B2D00AA}.Release|x64.Build.0 = Release|x64
		{DABDC305-442C-414D-92BC-40E03B2D00AA}.Release|x86.ActiveCfg = Release|Win32
		{DABDC305-442C-414D-92BC-40E03B2D00AA}.Release|x86.Build.0 = Release|Win32
		{60049D8F-B397-477B-8E74-1081B81FECA8}.Debug|x64.ActiveCfg = Debug|x64
		{60049D8F-B397-477B-8E74-1081B81FECA8}.Debug|x64.Build.0 = Debug|x64
		{60049D8F-B397-477B-8E74-1081B81FECA8}.Debug|x86.ActiveCfg = Debug|Win32
		{60049D8F-B397-477B-8E74-1081B81FECA8}.Debug|x86.Build.0 = Debug|Win32
		{60049D8F-B397-477B-8E74-1081B81FECA8}.Release|x64.ActiveCfg = Release|x64
		{60049D8F-B397-477B-8E74-1081B81FECA8}.Release|x64.Build.0 = Release|x64
		{60049D8F-B397-477B-8E74-1081B81FECA8}.Release|x86.ActiveCfg = Release|Win32
		{60049D8F-B397-477B-8E74-1081B81FECA8}.Release|x86.Build.0 = Release|Win32
		{7E7C5CC7-EA3C-4FDC-A138-DFE9578D8EA0}.Debug|x64.ActiveCfg = Debug|x64
		{7E7C5CC7-EA3C-4FDC-A138-DFE9578D8EA0}.Debug|x64.Build.0 = Debug|x64
		{7E7C5CC7-EA3C-4FDC-A138-DFE9578D8EA0}.Debug|x86.ActiveCfg = Debug|Win32
		{7E7C5CC7-EA3C-4FDC-A138-DFE9578D8EA0}.Debug|x86.Build.0 = Debug|Win32
		{7E7C5CC7-EA3C-4FDC-A138-DFE9578D8EA0}.Release|x64.ActiveCfg = Release|x64
		{7E7C5CC7-EA3C-4FDC-A138-DFE9578D8EA0}.Release|x64.Build.0 = Release|x64
		{7E7C5CC7-EA3C-4FDC-A138-DFE9578D8EA0}.Release|x86.ActiveCfg = Release|Win32
		{7E7C5CC7-EA3C-4FDC-A138-DFE9578D8EA0}.Release|x86.Build.0 = Release|Win32
		{880FDBA7-D468-4F2B-A2E0-93B36E676E7D}.Debug|x64.ActiveCfg = Debug|x64
		{880FDBA7-D468-4F2B-A2E0-93B36E676E7D}.Debug|x64.Build.0 = Debug|x64
		{880FDBA7-D468-4F2B-A2E0-93B36E676E7D}.Debug|x86.ActiveCfg = Debug|Win32
		{880FDBA7-D468-4F2B-A2E0-93B36E676E7D}.Debug|x86.Build.0 = Debug|Win32
		{880FDBA7-D468-4F2B-A2E0-93B36E676E7D}.Release|x64.ActiveCfg = Release|x64
		{880FDBA7-D468-4F2B-A2E0-93B36E676E7D}.Release|x64.Build.0 = Release|x64
		{880FDBA7-D468-4F2B-A2E0-93B36E676E7D}.Release|x86.ActiveCfg = Release|Win32
		{880FDBA7-D468-4F2B-A2E0-93B36E676E7D}.Release|x86.Build.0 = Release|Win32
		{0B8B4BA7-3881-42FC-BCB6-C3D21C0F0EED}.Debug|x64.ActiveCfg = Debug|x64
		{0B8B4BA7-3881-42FC-BCB6-C3D21C0F0EED}.Debug|x64.Build.0 = Debug|x64
		{0B8B4BA7-3881-42FC-BCB6-C3D21C0F0EED}.Debug|x86.ActiveCfg = Debug|Win32
		{0B8B4BA7-3881-42FC-BCB6-C3D21C0F0EED}.Debug|x86.Build.0 = Debug|Win32
		{0B8B4BA7-3881-42FC-BCB6-C3D21C0F0EED}.Release|x64.ActiveCfg = Release|x64
		{0B8B4BA7-3881-42FC-BCB6-C3D21C0F0EED}.Release|x64.Build.0 = Release|x64
		{0B8B4BA7-3881-42FC-BCB6-C3D21C0F0EED}.Release|x86.ActiveCfg = Release|Win32
		{0B8B4BA7-3881-42FC-BCB6-C3D21C0F0EED}.Release|x86.Build.0 = Release|Win32
		{735F1B94-ED71-417B-9F51-6B696786E463}.Debug|x64.ActiveCfg = Debug|x64
		{735F1B94-ED71-417B-9F51-6B696786E463}.Debug|x64.Build.0 = Debug|x64
		{735F1B94-ED71-417B-9F51-6B696786E463}.Debug|x86.ActiveCfg = Debug|Win32
		{735F1B94-ED71-417B-9F51-6B696786E463}.Debug|x86.Build.0 = Debug|Win32
		{735F1B94-ED71-417B-9F51-6B696786E463}.Release|x64.ActiveCfg = Release|x64
		{735F1B94-ED71-417B-9F51-6B696786E463}.Release|x64.Build.0 = Release|x64
		{735F1B94-ED71-417B-9F51-6B696786E463}.Release|x86.ActiveCfg = Release|Win32
		{735F1B94-ED71-417B-9F51-6B696786E463}.Release|x86.Build.0 = Release|Win32
		{B5402C32-30E2-40F7-8FDD-E82799E41057}.Debug|x64.ActiveCfg = Debug|x64
		{B5402C32-30E2-40F7-8FDD-E82799E41057}.Debug|x64.Build.0 = Debug|x64
		{B5402C32-30E2-40F7-8FDD-E82799E41057}.Debug|x86.ActiveCfg = Debug|Win32
		{B5402C32-30E2-40F7-8FDD-E82799E41057}.Debug|x86.Build.0 = Debug|Win32
		{B5402C32-30E2-40F7-8FDD-E82799E41057}.Release|x64.ActiveCfg = Release|x64
		{B5402C32-30E2-40F7-8FDD-E82799E41057}.Release|x64.Build.0 = Release|x64
		{B5402C32-30E2-40F7-8FDD-E82799E41057}.Release|x86.ActiveCfg = Release|Win32
		{B5402C32-30E2-40F7-8FDD-E82799E41057}.Release|x86.Build.0 = Release|Win32
		{57D1E8A0-1D7E-4240-A898-17D004CE5372}.Debug|x64.ActiveCfg = Debug|x64
		{57D1E8A0-1D7E-4240-A898-17D004CE5372}.Debug|x64.Build.0 = Debug|x64
		{57D1E8A0-1D7E-4240-A898-17D004CE5372}.Debug|x86.ActiveCfg = Debug|Win32
		{57D1E8A0-1D7E-4240-A898-17D004CE5372}.Debug|x86.Build.0 = Debug|Win32
		{57D1E8A0-1D7E-4240-A898-17D004CE5372}.Release|x64.ActiveCfg = Release|x64
		{57D1E8A0-1D7E-4240-A898-17D004CE5372}.Release|x64.Build.0 = Release|x64
		{57D1E8A0-1D7E-4240-A898-17D004CE5372}.Release|x86.ActiveCfg = Release|Win32
		{57D1E8A0-1D7E-4240-A898-17D004CE5372}.Release|x86.Build.0 = Release|Win32
		{699BE3B6-1D2A-4D8D-ADA8-DA6E2358B001}.Debug|x64.ActiveCfg = Debug|x64
		{699BE3B6-1D2A-4D8D-ADA8-DA6E2358B001}.Debug|x64.Build.0 = Debug|x64
		{699BE3B6-1D2A-4D8D-ADA8-DA6E2358B001}.Debug|x86.ActiveCfg = Debug|Win32
		{699BE3B6-1D2A-4D8D-ADA8-DA6E2358B001}.Debug|x86.Build.0 = Debug|Win32
		{699BE3B6-1D2A-4D8D-ADA8-DA6E2358B001}.Release|x64.ActiveCfg = Release|x64
		{699BE3B6-1D2A-4D8D-ADA8-DA6E2358B001}.Release|x64.Build.0 = Release|x64
		{699BE3B6-1D2A-4D8D-ADA8-DA6E2358B001}.Release|x86.ActiveCfg = Release|Win32
		{699BE3B6-1D2A-4D8D-ADA8-DA6E2358B001}.Release|x86.Build.0 = Release|Win32
		{669523D3-0BD4-42FF-B630-3BBEC4E04C2C}.Debug|x64.ActiveCfg = Debug|x64
		{669523D3-0BD4-42FF-B630-3BBEC4E04C2C}.Debug|x64.Build.0 = Debug|x64
		{669523D3-0BD4-42FF-B630-3BBEC4E04C2C}.Debug|x86.ActiveCfg = Debug|Win32
		{669523D3-0BD4-42FF-B630-3BBEC4E04C2C}.Debug|x86.Build.0 = Debug|Win32
		{669523D3-0BD4-42FF-B630-3BBEC4E04C2C}.Release|x64.ActiveCfg = Release|x64
		{669523D3-0BD4-42FF-B630-3BBEC4E04C2C}.Release|x64.Build.0 = Release|x64
		{669523D3-0BD4-42FF-B630-3BBEC4E04C2C}.Release|x86.ActiveCfg = Release|Win32
		{669523D3-0BD4-42FF-B630-3BBEC4E04C2C}.Release|x86.Build.0 = Release|Win32
		{1C1BDAFE-5D69-4D1F-9E12-4A580E82EC44}.Debug|x64.ActiveCfg = Debug|x64
		{1C1BDAFE-5D69-4D1F-9E12-4A580E82EC44}.Debug|x64.Build.0 = Debug|x64
		{1C1BDAFE-5D69-4D1F-9E12-4A580E82EC44}.Debug|x86.ActiveCfg = Debug|Win32
		{1C1BDAFE-5D69-4D1F-9E12-4A580E82EC44}.Debug|x86.Build.0 = Debug|Win32
		{1C1BDAFE-5D69-4D1F-9E12-4A580E82EC44}.Release|x64.ActiveCfg = Release|x64
		{1C1BDAFE-5D69-4D1F-9E12-4A580E82EC44}.Release|x64.Build.0 = Release|x64
		{1C1BDAFE-5D69-4D1F-9E12-4A580E82EC44}.Release|x86.ActiveCfg = Release|Win32
		{1C1BDAFE-5D69-4D1F-9E12-4A580E82EC44}.Release|x86.Build.0 = Release|Win32
		{988232BD-5B63-4653-9F66-C7C321D641F6}.Debug|x64.ActiveCfg = Debug|x64
		{988232BD-5B63-4653-9F66-C7C321D641F6}.Debug|x64.Build.0 = Debug|x64
		{988232BD-5B63-4653-9F66-C7C321D641F6}.Debug|x86.ActiveCfg = Debug|Win32
		{988232BD-5B63-4653-9F66-C7C321D641F6}.Debug|x86.Build.0 = Debug|Win32
		{988232BD-5B63-4653-9F66-C7C321D641F6}.Release|x64.ActiveCfg = Release|x64
		{988232BD-5B63-4653-9F66-C7C321D641F6}.Release|x64.Build.0 = Release|x64
		{988232BD-5B63-4653-9F66-C7C321D641F6}.Release|x86.ActiveCfg = Release|Win32
		{988232BD-5B63-4653-9F66-C7C321D641F6}.Release|x86.Build.0 = Release|Win32
		{041D679D-C9A0-4004-B43E-586270223989}.Debug|x64.ActiveCfg = Debug|x64
		{041D679D-C9A0-4004-B43E-586270223989}.Debug|x64.Build.0 = Debug|x64
		{041D679D-C9A0-4004-B43E-586270223989}.Debug|x86.ActiveCfg = Debug|Win32
		{041D679D-C9A0-4004-B43E-586270223989}.Debug|x86.Build.0 = Debug|Win32
		{041D679D-C9A0-4004-B43E-586270223989}.Release|x64.ActiveCfg = Release|x64
		{041D679D-C9A0-4004-B43E-586270223989}.Release|x64.Build.0 = Release|x64
		{041D679D-C9A0-4004-B43E-586270223989}.Release|x86.ActiveCfg = Release|Win32
		{041D679D-C9A0-4004-B43E-586270223989}.Release|x86.Build.0 = Release|Win32
		{347E3815-8CD6-411C-8EF9-DDEAE7B6057A}.Debug|x64.ActiveCfg = Debug|x64
		{347E3815-8CD6-411C-8EF9-DDEAE7B6057A}.Debug|x64.Build.0 = Debug|x64
		{347E3815-8CD6-411C-8EF9-DDEAE7B6057A}.Debug|x86.ActiveCfg = Debug|Win32
		{347E3815-8CD6-411C-8EF9-DDEAE7B6057A}.Debug|x86.Build.0 = Debug|Win32
		{347E3815-8CD6-411C-8EF9-DDEAE7B6057A}.Release|x64.ActiveCfg = Release|x64
		{347E3815-8CD6-411C-8EF9-DDEAE7B6057A}.Release|x64.Build.0 = Release|x64
		{347E3815-8CD6-411C-8EF9-DDEAE7B6057A}.Release|x86.ActiveCfg = Release|Win32
		{347E3815-8CD6-411C-8EF9-DDEAE7B6057A}.Release|x86.Build.0 = Release|Win32
		{258DC4FF-69C0-4E1E-94FF-278E012CD88F}.Debug|x64.ActiveCfg = Debug|x64
		{258DC4FF-69C0-4E1E-94FF-278E012CD88F}.Debug|x64.Build.0 = Debug|x64
		{258DC4FF-69C0-4E1E-94FF-278E012CD88F}.Debug|x86.ActiveCfg = Debug|Win32
		{258DC4FF-69C0-4E1E-94FF-278E012CD88F}.Debug|x86.Build.0 = Debug|Win32
		{258DC4FF-69C0-4E1E-94FF-278E012CD88F}.Release|x64.ActiveCfg = Release|x64
		{258DC4FF-69C0-4E1E-94FF-278E012CD88F}.Release|x64.Build.0 = Release|x64
		{258DC4FF-69C0-4E1E-94FF-278E012CD88F}.Release|x86.ActiveCfg = Release|Win32
		{258DC4FF-69C0-4E1E-94FF-278E012CD88F}.Release|x86.Build.0 = Release|Win32
		{51E2C00E-CE29-4BED-86DF-91AB41CA4DE1}.Debug|x64.ActiveCfg = Debug|x64
		{51E2C00E-CE29-4BED-86DF-91AB41CA4DE1}.Debug|x64.Build.0 = Debug|x64
		{51E2C00E-CE29-4BED-86DF-91AB41CA4DE1}.Debug|x86.ActiveCfg = Debug|Win32
		{51E2C00E-CE29-4BED-86DF-91AB41CA4DE1}.Debug|x86.Build.0 = Debug|Win32
		{51E2C00E-CE29-4BED-86DF-91AB41CA4DE1}.Release|x64.ActiveCfg = Release|x64
		{51E2C00E-CE29-4BED-86DF-91AB41CA4DE1}.Release|x64.Build.0 = Release|x64
		{51E2C00E-CE29-4BED-86DF-91AB41CA4DE1}.Release|x86.ActiveCfg = Release|Win32
		{51E2C00E-CE29-4BED-86DF-91AB41CA4DE1}.Release|x86.Build.0 = Release|Win32
		{B51F37A6-088F-4CCC-AD7A-C68E9F0CF190}.Debug|x64.ActiveCfg = Debug|x64
		{B51F37A6-088F-4CCC-AD7A-C68E9F0CF190}.Debug|x64.Build.0 = Debug|x64
		{B51F37A6-088F-4CCC-AD7A-C68E9F0CF190}.Debug|x86.ActiveCfg = Debug|Win32
		{B51F37A6-088F-4CCC-AD7A-C68E9F0CF190}.Debug|x86.Build.0 = Debug|Win32
		{B51F37A6-088F-4CCC-AD7A-C68E9F0CF190}.Release|x64.ActiveCfg = Release|x64
		{B51F37A6-088F-4CCC-AD7A-C68E9F0CF190}.Release|x64.Build.0 = Release|x64
		{B51F37A6-088F-4CCC-AD7A-C68E9F0CF190}.Release|x86.ActiveCfg = Release|Win32
		{B51F37A6-088F-4CCC-AD7A-C68E9F0CF190}.Release|x86.Build.0 = Release|Win32
		{702A04BE-A640-47FA-A17A-A634D3103AC3}.Debug|x64.ActiveCfg = Debug|x64
		{702A04BE-A640-47FA-A17A-A634D3103AC3}.Debug|x64.Build.0 = Debug|x64
		{702A04BE-A640-47FA-A17A-A634D3103AC3}.Debug|x86.ActiveCfg = Debug|Win32
		{702A04BE-A640-47FA-A17A-A634D3103AC3}.Debug|x86.Build.0 = Debug|Win32
		{702A04BE-A640-47FA-A17A-A634D3103AC3}.Release|x64.ActiveCfg = Release|x64
		{702A04BE-A640-47FA-A17A-A634D3103AC3}.Release|x64.Build.0 = Release|x64
		{702A04BE-A640-47FA-A17A-A634D3103AC3}.Release|x86.ActiveCfg = Release|Win32
		{702A04BE-A640-47FA-A17A-A634D3103AC3}.Release|x86.Build.0 = Release|Win32
		{15B4EF1D-8B98-4DF4-A9F7-880010A14975}.Debug|x64.ActiveCfg = Debug|x64
		{15B4EF1D-8B98-4DF4-A9F7-880010A14975}.Debug|x64.Build.0 = Debug|x64
		{15B4EF1D-8B98-4DF4-A9F7-880010A14975}.Debug|x86.ActiveCfg = Debug|Win32
		{15B4EF1D-8B98-4DF4-A9F7-880010A14975}.Debug|x86.Build.0 = Debug|Win32
		{15B4EF1D-8B98-4DF4-A9F7-880010A14975}.Release|x64.ActiveCfg = Release|x64
		{15B4EF1D-8B98-4DF4-A9F7-880010A14975}.Release|x64.Build.0 = Release|x64
		{15B4EF1D-8B98-4DF4-A9F7-880010A14975}.Release|x86.ActiveCfg = Release|Win32
		{15B4EF1D-8B98-4DF4-A9F7-880010A14975}.Release|x86.Build.0 = Release|Win32
		{5EF84E36-EF9C-4CED-85B0-0D8F3FF1E43E}.Debug|x64.ActiveCfg = Debug|x64
		{5EF84E36-EF9C-4CED-85B0-0D8F3FF1E43E}.Debug|x64.Build.0 = Debug|x64
		{5EF84E36-EF9C-4CED-85B0-0D8F3FF1E43E}.Debug|x86.ActiveCfg = Debug|Win32
		{5EF84E36-EF9C-4CED-85B0-0D8F3FF1E43E}.Debug|x86.Build.0 = Debug|Win32
		{5EF84E36-EF9C-4CED-85B0-0D8F3FF1E43E}.Release|x64.ActiveCfg = Release|x64
		{5EF84E36-EF9C-4CED-85B0-0D8F3FF1E43E}.Release|x64.Build.0 = Release|x64
		{5EF84E36-EF9C-4CED-85B0-0D8F3FF1E43E}.Release|x86.ActiveCfg = Release|Win32
		{5EF84E36-EF9C-4CED-85B0-0D8F3FF1E43E}.Release|x86.Build.0 = Release|Win32
		{C6647368-067F-4773-85E2-2BCD231F1952}.Debug|x64.ActiveCfg = Debug|x64
		{C6647368-067F-4773-85E2-2BCD231F1952}.Debug|x64.Build.0 = Debug|x64
		{C6647368-067F-4773-85E2-2BCD231F1952}.Debug|x86.ActiveCfg = Debug|Win32
		{C6647368-067F-4773-85E2-2BCD231F1952}.Debug|x86.Build.0 = Debug|Win32
		{C6647368-067F-4773-85E2-2BCD231F1952}.Release|x64.ActiveCfg = Release|x64
		{C6647368-067F-4773-85E2-2BCD231F1952}.Release|x64.Build.0 = Release|x64
		{C6647368-067F-4773-85E2-2BCD231F1952}.Release|x86.ActiveCfg = Release|Win32
		{C6647368-067F-4773-85E2-2BCD231F1952}.Release|x86.Build.0 = Release|Win32
		{30B44128-7E2B-4B44-80BE-AA04D6EB4577}.Debug|x64.ActiveCfg = Debug|x64
		{30B44128-7E2B-4B44-80BE-AA04D6EB4577}.Debug|x64.Build.0 = Debug|x64
		{30B44128-7E2B-4B44-80BE-AA04D6EB4577}.Debug|x86.ActiveCfg = Debug|Win32
		{30B44128-7E2B-4B44-80BE-AA04D6EB4577}.Debug|x86.Build.0 = Debug|Win32
		{30B44128-7E2B-4B44-80BE-AA04D6EB4577}.Release|x64.ActiveCfg = Release|x64
		{30B44128-7E2B-4B44-80BE-AA04D6EB4577}.Release|x64.Build.0 = Release|x64
		{30B44128-7E2B-4B44-80BE-AA04D6EB4577}.Release|x86.ActiveCfg = Release|Win32
		{30B44128-7E2B-4B44-80BE-AA04D6EB4577}.Release|x86.Build.0 = Release|Win32
		{AF56BF51-7782-4534-B417-9DB12F90A493}.Debug|x64.ActiveCfg = Debug|x64
		{AF56BF51-7782-4534-B417-9DB12F90A493}.Debug|x64.Build.0 = Debug|x64
		{AF56BF51-7782-4534-B417-9DB12F90A493}.Debug|x86.ActiveCfg = Debug|Win32
		{AF56BF51-7782-4534-B417-9DB12F90A493}.Debug|x86.Build.0 = Debug|Win32
		{AF56BF51-7782-4534-B417-9DB12F90A493}.Release|x64.ActiveCfg = Release|x64
		{AF56BF51-7782-4534-B417-9DB12F90A493}.Release|x64.Build.0 = Release|x64
		{AF56BF51-7782-4534-B417-9DB12F90A493}.Release|x86.ActiveCfg = Release|Win32
		{AF56BF51-7782-4534-B417-9DB12F90A493}.Release|x86.Build.0 = Release|Win32
		{2FE8B8B4-BF90-49CC-9F20-6EBFCB53E880}.Debug|x64.ActiveCfg = Debug|x64
		{2FE8B8B4-BF90-49CC-9F20-6EBFCB53E880}.Debug|x64.Build.0 = Debug|x64
		{2FE8B8B4-BF90-49CC-9F20-6EBFCB53E880}.Debug|x86.ActiveCfg = Debug|Win32
		{2FE8B8B4-BF90-49CC-9F20-6EBFCB53E880}.Debug|x86.Build.0 = Debug|Win32
		{2FE8B8B4-BF90-49CC-9F20-6EBFCB53E880}.Release|x64.ActiveCfg = Release|x64
		{2FE8B8B4-BF90-49CC-9F20-6EBFCB53E880}.Release|x64.Build.0 = Release|x64
		{2FE8B8B4-BF90-49CC-9F20-6EBFCB53E880}.Release|x86.ActiveCfg = Release|Win32
		{2FE8B8B4-BF90-49CC-9F20-6EBFCB53E880}.Release|x86.Build.0 = Release|Win32
		{E014CDD3-DA5B-4ECF-8076-6A0CD476678D}.Debug|x64.ActiveCfg = Debug|x64
		{E014CDD3-DA5B-4ECF-8076-6A0CD476678D}.Debug|x64.Build.0 = Debug|x64
		{E014CDD3-DA5B-4ECF-8076-6A0CD476678D}.Debug|x86.ActiveCfg = Debug|Win32
		{E014CDD3-DA5B-4ECF-8076-6A0CD476678D}.Debug|x86.Build.0 = Debug|Win32
		{E014CDD3-DA5B-4ECF-8076-6A0CD476678D}.Release|x64.ActiveCfg = Release|x64
		{E014CDD3-DA5B-4ECF-8076-6A0CD476678D}.Release|x64.Build.0 = Release|x64
		{E014CDD3-DA5B-4ECF-8076-6A0CD476678D}.Release|x86.ActiveCfg = Release|Win32
		{E014CDD3-DA5B-4ECF-8076-6A0CD476678D}.Release|x86.Build.0 = Release|Win32
		{F81D062A-8751-498D-8CAF-0AC57BCA03D7}.Debug|x64.ActiveCfg = Debug|x64
		{F81D062A-8751-498D-8CAF-0AC57BCA03D7}.Debug|x64.Build.0 = Debug|x64
		{F81D062A-8751-498D-8CAF-0AC57BCA03D7}.Debug|x86.ActiveCfg = Debug|Win32
		{F81D062A-8751-498D-8CAF-0AC57BCA03D7}.Debug|x86.Build.0 = Debug|Win32
		{F81D062A-8751-498D-8CAF-0AC57BCA03D7}.Release|x64.ActiveCfg = Release|x64
		{F81D062A-8751-498D-8CAF-0AC57BCA03D7}.Release|x64.Build.0 = Release|x64
		{F81D062A-8751-498D-8CAF-0AC57BCA03D7}.Release|x86.ActiveCfg = Release|Win32
		{F81D062A-8751-498D-8CAF-0AC57BCA03D7}.Release|x86.Build.0 = Release|Win32
		{F4FB1FD6-C092-49F1-A85B-04CB819E9DB1}.Debug|x64.ActiveCfg = Debug|x64
		{F4FB1FD6-C092-49F1-A85B-04CB819E9DB1}.Debug|x64.Build.0 = Debug|x64
		{F4FB1FD6-C092-49F1-A85B-04CB819E9DB1}.Debug|x86.ActiveCfg = Debug|Win32
		{F4FB1FD6-C092-49F1-A85B-04CB819E9DB1}.Debug|x86.Build.0 = Debug|Win32
		{F4FB1FD6-C092-49F1-A85B-04CB819E9DB1}.Release|x64.ActiveCfg = Release|x64
		{F4FB1FD6-C092-49F1-A85B-04CB819E9DB1}.Release|x64.Build.0 = Release|x64
		{F4FB1FD6-C092-49F1-A85B-04CB819E9DB1}.Release|x86.ActiveCfg = Release|Win32
		{F4FB1FD6-C092-49F1-A85B-04CB819E9DB1}.Release|x86.Build.0 = Release|Win32
		{132F579A-679C-4706-9748-D4745D942E36}.Debug|x64.ActiveCfg = Debug|x64
		{132F579A-679C-4706-9748-D4745D942E36}.Debug|x64.Build.0 = Debug|x64
		{132F579A-679C-4706-9748-D4745D942E36}.Debug|x86.ActiveCfg = Debug|Win32
		{132F579A-679C-4706-9748-D4745D942E36}.Debug|x86.Build.0 = Debug|Win32
		{132F579A-679C-4706-9748-D4745D942E36}.Release|x64.ActiveCfg = Release|x64
		{132F579A-679C-4706-9748-D4745D942E36}.Release|x64.Build.0 = Release|x64
		{132F579A-679C-4706-9748-D4745D942E36}.Release|x86.ActiveCfg = Release|Win32
		{132F579A-679C-4706-9748-D4745D942E36}.Release|x86.Build.0 = Release|Win32
		{BE183786-311C-460E-8F05-2186400C3874}.Debug|x64.ActiveCfg = Debug|x64
		{BE183786-311C-460E-8F05-2186400C3874}.Debug|x64.Build.0 = Debug|x64
		{BE183786-311C-460E-8F05-2186400C3874}.Debug|x86.ActiveCfg = Debug|Win32
		{BE183786-311C-460E-8F05-2186400C3874}.Debug|x86.Build.0 = Debug|Win32
		{BE183786-311C-460E-8F05-2186400C3874}.Release|x64.ActiveCfg = Release|x64
		{BE183786-311C-460E-8F05-2186400C3874}.Release|x64.Build.0 = Release|x64
		{BE183786-311C-460E-8F05-2186400C3874}.Release|x86.ActiveCfg = Release|Win32
		{BE183786-311C-460E-8F05-2186400C3874}.Release|x86.Build.0 = Release|Win32
	EndGlobalSection
	GlobalSection(SolutionProperties) = preSolution
		HideSolutionNode = FALSE
	EndGlobalSection
	GlobalSection(NestedProjects) = preSolution
		{2BD8E1B8-56BD-45A1-BFB6-8C94283460D2} = {137FA01E-74F6-4377-BB4B-11E6C2A878D5}
		{922B3916-A23C-4197-B390-AEEDDFC66CF4} = {137FA01E-74F6-4377-BB4B-11E6C2A878D5}
		{3E32EA6F-59E5-4AF2-B7F7-F73ECA59DD34} = {137FA01E-74F6-4377-BB4B-11E6C2A878D5}
		{E3805E00-E016-477A-9230-728F15AE3CC8} = {137FA01E-74F6-4377-BB4B-11E6C2A878D5}
		{F765A9C4-8B85-47FF-8498-7E4DE2F37075} = {137FA01E-74F6-4377-BB4B-11E6C2A878D5}
		{B2D0B9BF-06DC-4EF3-897C-538D1E71AD1A} = {137FA01E-74F6-4377-BB4B-11E6C2A878D5}
		{AFD522EC-FCDF-4D1B-87A1-2D9708B283A1} = {137FA01E-74F6-4377-BB4B-11E6C2A878D5}
		{BCB1EB0E-6966-4B54-87B7-FD84168B31F0} = {137FA01E-74F6-4377-BB4B-11E6C2A878D5}
		{598C65CD-65AA-493A-AF8B-F0A0E949B998} = {137FA01E-74F6-4377-BB4B-11E6C2A878D5}
		{46A064D7-3551-44BC-A5D8-4B24A9FD5BA6} = {137FA01E-74F6-4377-BB4B-11E6C2A878D5}
		{E0E9E259-A110-4219-98D5-8738B744D138} = {137FA01E-74F6-4377-BB4B-11E6C2A878D5}
		{4CCB747F-AFE7-4A2C-A455-051A916946CD} = {137FA01E-74F6-4377-BB4B-11E6C2A878D5}
		{8444E7EA-CCB2-4C68-B7AB-DD6A11C01DF3} = {137FA01E-74F6-4377-BB4B-11E6C2A878D5}
		{7BECDB31-3682-469B-9F78-ECBE1E2755F4} = {137FA01E-74F6-4377-BB4B-11E6C2A878D5}
		{B0BDC256-4832-40C3-958F-29A16EA73201} = {137FA01E-74F6-4377-BB4B-11E6C2A878D5}
		{367E90DF-3873-43F7-819C-EE476E07EBAA} = {137FA01E-74F6-4377-BB4B-11E6C2A878D5}
		{82F61CAE-BBEC-4036-B711-87D64CCDE19C} = {137FA01E-74F6-4377-BB4B-11E6C2A878D5}
		{D8F39367-5BEB-40A5-B526-5DDA7AB2229B} = {137FA01E-74F6-4377-BB4B-11E6C2A878D5}
		{7237D67C-6495-4989-83F5-112B9B77DC3C} = {137FA01E-74F6-4377-BB4B-11E6C2A878D5}
		{1658E4C7-7D42-4FF9-AF1C-7BA323A73FD9} = {137FA01E-74F6-4377-BB4B-11E6C2A878D5}
		{BA3C8156-B36E-46F0-AEA0-DC988D17300D} = {137FA01E-74F6-4377-BB4B-11E6C2A878D5}
		{21D75C8F-7E76-407E-89E0-6A24DA974580} = {137FA01E-74F6-4377-BB4B-11E6C2A878D5}
		{476640C6-9AEE-471F-8D58-BB398FD7975C} = {137FA01E-74F6-4377-BB4B-11E6C2A878D5}
		{C476EC84-6AB1-4A5B-8DEB-FAB41688D345} = {137FA01E-74F6-4377-BB4B-11E6C2A878D5}
		{A930572A-E96A-4744-A1D1-85FD85361050} = {137FA01E-74F6-4377-BB4B-11E6C2A878D5}
		{6B5B0CCF-A7D4-4B76-A2A7-2C2A1D04BA56} = {137FA01E-74F6-4377-BB4B-11E6C2A878D5}
		{E97DA30A-6597-4CC2-87A4-F2E38EA8BF43} = {137FA01E-74F6-4377-BB4B-11E6C2A878D5}
		{2255B772-2619-4AFB-A8F8-42F79F011C88} = {137FA01E-74F6-4377-BB4B-11E6C2A878D5}
		{CBE074A7-0CD8-4E0A-B24C-6C903B07CB28} = {137FA01E-74F6-4377-BB4B-11E6C2A878D5}
		{FCCBC98E-C1E8-4454-A612-DC193E745FE9} = {137FA01E-74F6-4377-BB4B-11E6C2A878D5}
		{B73931AA-3A5D-4C19-AA9B-79C669AE500A} = {137FA01E-74F6-4377-BB4B-11E6C2A878D5}
		{C818C2D3-5A67-4F3B-B516-55636CC71C5B} = {137FA01E-74F6-4377-BB4B-11E6C2A878D5}
		{A29F3FC1-5756-400D-8E23-67B593CC47D9} = {137FA01E-74F6-4377-BB4B-11E6C2A878D5}
		{23F91EF2-0E19-4E87-A79A-D45839CE2575} = {137FA01E-74F6-4377-BB4B-11E6C2A878D5}
		{401BE724-205B-488B-B520-BA1D4E8FC0E5} = {D5B05EB5-DC3E-4CEF-8EFB-E8DE58020A93}
		{5C5F8A26-28FE-47D4-9C47-3F2A57485B0F} = {D5B05EB5-DC3E-4CEF-8EFB-E8DE58020A93}
		{86570CC2-2883-4998-80EF-0D6C091A2207} = {D5B05EB5-DC3E-4CEF-8EFB-E8DE58020A93}
		{BA7FB9CA-D56C-4378-90DD-7678B75AFD4D} = {D5B05EB5-DC3E-4CEF-8EFB-E8DE58020A93}
		{BA93790A-24DF-4ED0-993F-FCC970B88E5F} = {D5B05EB5-DC3E-4CEF-8EFB-E8DE58020A93}
		{AD1CFFF2-C695-415A-A7F9-8E308D05070C} = {D5B05EB5-DC3E-4CEF-8EFB-E8DE58020A93}
		{D41D138C-B7B3-4083-ABD7-DFAA5503F1D0} = {D5B05EB5-DC3E-4CEF-8EFB-E8DE58020A93}
		{CC131AB7-643A-4596-BF51-FB6828B14A17} = {D5B05EB5-DC3E-4CEF-8EFB-E8DE58020A93}
		{BD30F2DA-B4FC-4BA5-B931-D4F59F413AB4} = {D5B05EB5-DC3E-4CEF-8EFB-E8DE58020A93}
		{D9475800-7917-4530-AEDC-C08208292532} = {D5B05EB5-DC3E-4CEF-8EFB-E8DE58020A93}
		{921559A8-7839-44B0-8F70-AD52500EA4A7} = {D5B05EB5-DC3E-4CEF-8EFB-E8DE58020A93}
		{DABDC305-442C-414D-92BC-40E03B2D00AA} = {D5B05EB5-DC3E-4CEF-8EFB-E8DE58020A93}
		{60049D8F-B397-477B-8E74-1081B81FECA8} = {D5B05EB5-DC3E-4CEF-8EFB-E8DE58020A93}
		{7E7C5CC7-EA3C-4FDC-A138-DFE9578D8EA0} = {D5B05EB5-DC3E-4CEF-8EFB-E8DE58020A93}
		{880FDBA7-D468-4F2B-A2E0-93B36E676E7D} = {D5B05EB5-DC3E-4CEF-8EFB-E8DE58020A93}
		{0B8B4BA7-3881-42FC-BCB6-C3D21C0F0EED} = {D5B05EB5-DC3E-4CEF-8EFB-E8DE58020A93}
		{735F1B94-ED71-417B-9F51-6B696786E463} = {D5B05EB5-DC3E-4CEF-8EFB-E8DE58020A93}
		{B5402C32-30E2-40F7-8FDD-E82799E41057} = {D5B05EB5-DC3E-4CEF-8EFB-E8DE58020A93}
		{57D1E8A0-1D7E-4240-A898-17D004CE5372} = {D5B05EB5-DC3E-4CEF-8EFB-E8DE58020A93}
		{699BE3B6-1D2A-4D8D-ADA8-DA6E2358B001} = {D5B05EB5-DC3E-4CEF-8EFB-E8DE58020A93}
		{669523D3-0BD4-42FF-B630-3BBEC4E04C2C} = {D5B05EB5-DC3E-4CEF-8EFB-E8DE58020A93}
		{1C1BDAFE-5D69-4D1F-9E12-4A580E82EC44} = {D5B05EB5-DC3E-4CEF-8EFB-E8DE58020A93}
		{988232BD-5B63-4653-9F66-C7C321D641F6} = {D5B05EB5-DC3E-4CEF-8EFB-E8DE58020A93}
		{041D679D-C9A0-4004-B43E-586270223989} = {D5B05EB5-DC3E-4CEF-8EFB-E8DE58020A93}
		{347E3815-8CD6-411C-8EF9-DDEAE7B6057A} = {D5B05EB5-DC3E-4CEF-8EFB-E8DE58020A93}
		{258DC4FF-69C0-4E1E-94FF-278E012CD88F} = {D5B05EB5-DC3E-4CEF-8EFB-E8DE58020A93}
		{51E2C00E-CE29-4BED-86DF-91AB41CA4DE1} = {D5B05EB5-DC3E-4CEF-8EFB-E8DE58020A93}
		{B51F37A6-088F-4CCC-AD7A-C68E9F0CF190} = {D5B05EB5-DC3E-4CEF-8EFB-E8DE58020A93}
		{702A04BE-A640-47FA-A17A-A634D3103AC3} = {D5B05EB5-DC3E-4CEF-8EFB-E8DE58020A93}
		{15B4EF1D-8B98-4DF4-A9F7-880010A14975} = {D5B05EB5-DC3E-4CEF-8EFB-E8DE58020A93}
		{5EF84E36-EF9C-4CED-85B0-0D8F3FF1E43E} = {D5B05EB5-DC3E-4CEF-8EFB-E8DE58020A93}
		{C6647368-067F-4773-85E2-2BCD231F1952} = {D5B05EB5-DC3E-4CEF-8EFB-E8DE58020A93}
		{30B44128-7E2B-4B44-80BE-AA04D6EB4577} = {D5B05EB5-DC3E-4CEF-8EFB-E8DE58020A93}
		{AF56BF51-7782-4534-B417-9DB12F90A493} = {D5B05EB5-DC3E-4CEF-8EFB-E8DE58020A93}
		{2FE8B8B4-BF90-49CC-9F20-6EBFCB53E880} = {D5B05EB5-DC3E-4CEF-8EFB-E8DE58020A93}
		{E014CDD3-DA5B-4ECF-8076-6A0CD476678D} = {D5B05EB5-DC3E-4CEF-8EFB-E8DE58020A93}
		{132F579A-679C-4706-9748-D4745D942E36} = {D5B05EB5-DC3E-4CEF-8EFB-E8DE58020A93}
		{BE183786-311C-460E-8F05-2186400C3874} = {137FA01E-74F6-4377-BB4B-11E6C2A878D5}
	EndGlobalSection
	GlobalSection(ExtensibilityGlobals) = postSolution
		SolutionGuid = {7ED6A5CA-85B9-46C3-990E-A486D6198515}
	EndGlobalSection
EndGlobal
